// !$*UTF8*$!
{
	archiveVersion = 1;
	classes = {
	};
	objectVersion = 46;
	objects = {

/* Begin PBXBuildFile section */
		227914A11F487B590056FE38 /* HappyNumber_202.swift in Sources */ = {isa = PBXBuildFile; fileRef = 227914A01F487B590056FE38 /* HappyNumber_202.swift */; };
		227A02E21FA4C33100D21791 /* IsomorphicStrings_205.swift in Sources */ = {isa = PBXBuildFile; fileRef = 227A02E11FA4C33100D21791 /* IsomorphicStrings_205.swift */; };
		B50BE95F1F79EEB6002ED20E /* ConvertSortedArrayToBinarySearchTree_108.swift in Sources */ = {isa = PBXBuildFile; fileRef = B50BE95E1F79EEB6002ED20E /* ConvertSortedArrayToBinarySearchTree_108.swift */; };
		B50BE9611F79F582002ED20E /* LongestHarmoniousSubsequence_594.swift in Sources */ = {isa = PBXBuildFile; fileRef = B50BE9601F79F582002ED20E /* LongestHarmoniousSubsequence_594.swift */; };
		B50BE9661F7B3903002ED20E /* SubtreeOfAnotherTree_572.swift in Sources */ = {isa = PBXBuildFile; fileRef = B50BE9651F7B3903002ED20E /* SubtreeOfAnotherTree_572.swift */; };
		B50BE9681F7B45B7002ED20E /* BinaryTreeLevelOrderTraversalII_107.swift in Sources */ = {isa = PBXBuildFile; fileRef = B50BE9671F7B45B7002ED20E /* BinaryTreeLevelOrderTraversalII_107.swift */; };
		B5158EE41F5CFF9200E66F61 /* LongestUncommonSubsequenceI_521.swift in Sources */ = {isa = PBXBuildFile; fileRef = B5158EE31F5CFF9200E66F61 /* LongestUncommonSubsequenceI_521.swift */; };
		B5158EE81F5E406800E66F61 /* MaxConsecutiveOnes_485.swift in Sources */ = {isa = PBXBuildFile; fileRef = B5158EE71F5E406800E66F61 /* MaxConsecutiveOnes_485.swift */; };
		B5158EEA1F5E48C700E66F61 /* FindAllNumbersDisappearedInAnArray_448.swift in Sources */ = {isa = PBXBuildFile; fileRef = B5158EE91F5E48C700E66F61 /* FindAllNumbersDisappearedInAnArray_448.swift */; };
		B5158EEC1F5F8C1D00E66F61 /* TwoSumIV_InputIsABST_653.swift in Sources */ = {isa = PBXBuildFile; fileRef = B5158EEB1F5F8C1D00E66F61 /* TwoSumIV_InputIsABST_653.swift */; };
		B5158EEE1F5F9B6900E66F61 /* ConstructStringFromBinaryTree_606.swift in Sources */ = {isa = PBXBuildFile; fileRef = B5158EED1F5F9B6900E66F61 /* ConstructStringFromBinaryTree_606.swift */; };
		B5158EF31F60DCFB00E66F61 /* ConvertBSTToGreaterTree_538.swift in Sources */ = {isa = PBXBuildFile; fileRef = B5158EF21F60DCFB00E66F61 /* ConvertBSTToGreaterTree_538.swift */; };
		B5158EF51F60E69300E66F61 /* ConstructTheRectangle_492.swift in Sources */ = {isa = PBXBuildFile; fileRef = B5158EF41F60E69300E66F61 /* ConstructTheRectangle_492.swift */; };
		B5158F031F6231DE00E66F61 /* RangeAdditionII_598.swift in Sources */ = {isa = PBXBuildFile; fileRef = B5158F021F6231DE00E66F61 /* RangeAdditionII_598.swift */; };
		B5158F051F623A9C00E66F61 /* MinimumMovesToEqualArrayElements_453.swift in Sources */ = {isa = PBXBuildFile; fileRef = B5158F041F623A9C00E66F61 /* MinimumMovesToEqualArrayElements_453.swift */; };
		B5158F071F66238800E66F61 /* MinimumAbsoluteDifferenceInBST_530.swift in Sources */ = {isa = PBXBuildFile; fileRef = B5158F061F66238800E66F61 /* MinimumAbsoluteDifferenceInBST_530.swift */; };
		B5158F091F662E2C00E66F61 /* AssignCookies_455.swift in Sources */ = {isa = PBXBuildFile; fileRef = B5158F081F662E2C00E66F61 /* AssignCookies_455.swift */; };
		B5158F0E1F67756800E66F61 /* BestTimeToBuyAndSellStockII_122.swift in Sources */ = {isa = PBXBuildFile; fileRef = B5158F0D1F67756800E66F61 /* BestTimeToBuyAndSellStockII_122.swift */; };
		B5158F101F6778CF00E66F61 /* TwoSumII_InputArrayIsSorted_167.swift in Sources */ = {isa = PBXBuildFile; fileRef = B5158F0F1F6778CF00E66F61 /* TwoSumII_InputArrayIsSorted_167.swift */; };
		B5158F121F67876A00E66F61 /* BinaryTreeTilt_563.swift in Sources */ = {isa = PBXBuildFile; fileRef = B5158F111F67876A00E66F61 /* BinaryTreeTilt_563.swift */; };
		B5158F141F68C87800E66F61 /* MinimumIndexSumOfTwoLists_599.swift in Sources */ = {isa = PBXBuildFile; fileRef = B5158F131F68C87800E66F61 /* MinimumIndexSumOfTwoLists_599.swift */; };
		B5158F1F1F6A17D000E66F61 /* ImageSmoother_661.swift in Sources */ = {isa = PBXBuildFile; fileRef = B5158F1E1F6A17D000E66F61 /* ImageSmoother_661.swift */; };
		B5158F211F6A21E800E66F61 /* RelativeRanks_506.swift in Sources */ = {isa = PBXBuildFile; fileRef = B5158F201F6A21E800E66F61 /* RelativeRanks_506.swift */; };
		B5158F2C1F6F5E7800E66F61 /* MaximumProductOfThreeNumbers_628.swift in Sources */ = {isa = PBXBuildFile; fileRef = B5158F2B1F6F5E7800E66F61 /* MaximumProductOfThreeNumbers_628.swift */; };
		B5158F2E1F6F6A1500E66F61 /* NumberOfBoomerangs_447.swift in Sources */ = {isa = PBXBuildFile; fileRef = B5158F2D1F6F6A1500E66F61 /* NumberOfBoomerangs_447.swift */; };
		B5158F491F70B38700E66F61 /* BinaryWatch_401.swift in Sources */ = {isa = PBXBuildFile; fileRef = B5158F481F70B38700E66F61 /* BinaryWatch_401.swift */; };
		B5158F4B1F70FEBA00E66F61 /* Base7_504.swift in Sources */ = {isa = PBXBuildFile; fileRef = B5158F4A1F70FEBA00E66F61 /* Base7_504.swift */; };
		B5158F5B1F72031000E66F61 /* MissingNumber_268.swift in Sources */ = {isa = PBXBuildFile; fileRef = B5158F5A1F72031000E66F61 /* MissingNumber_268.swift */; };
		B5158F5D1F7208C400E66F61 /* LongestContinuousIncreasingSubsequence_674.swift in Sources */ = {isa = PBXBuildFile; fileRef = B5158F5C1F7208C400E66F61 /* LongestContinuousIncreasingSubsequence_674.swift */; };
		B5158F661F73950100E66F61 /* DiameterOfBinaryTree_543.swift in Sources */ = {isa = PBXBuildFile; fileRef = B5158F651F73950100E66F61 /* DiameterOfBinaryTree_543.swift */; };
		B5158F681F73A03000E66F61 /* StudentAttendanceRecordI_551.swift in Sources */ = {isa = PBXBuildFile; fileRef = B5158F671F73A03000E66F61 /* StudentAttendanceRecordI_551.swift */; };
		B5158F781F789BC200E66F61 /* ReverseStringII_541.swift in Sources */ = {isa = PBXBuildFile; fileRef = B5158F771F789BC200E66F61 /* ReverseStringII_541.swift */; };
		B5158F7A1F78A3B500E66F61 /* SecondMinimumNodeInABinaryTree_671.swift in Sources */ = {isa = PBXBuildFile; fileRef = B5158F791F78A3B500E66F61 /* SecondMinimumNodeInABinaryTree_671.swift */; };
		B51B73651F34781F0082A8FB /* FindTheDifference_389.swift in Sources */ = {isa = PBXBuildFile; fileRef = B51B73641F34781F0082A8FB /* FindTheDifference_389.swift */; };
		B51B73701F3838E10082A8FB /* InvertBinaryTree_226.swift in Sources */ = {isa = PBXBuildFile; fileRef = B51B736F1F3838E10082A8FB /* InvertBinaryTree_226.swift */; };
		B51B73721F3958D70082A8FB /* MoveZeroes_283.swift in Sources */ = {isa = PBXBuildFile; fileRef = B51B73711F3958D70082A8FB /* MoveZeroes_283.swift */; };
		B51B73741F3AAAB40082A8FB /* SumOfLeftLeaves_404.swift in Sources */ = {isa = PBXBuildFile; fileRef = B51B73731F3AAAB40082A8FB /* SumOfLeftLeaves_404.swift */; };
		B51B73761F3ABF260082A8FB /* LongestPalindrome_409.swift in Sources */ = {isa = PBXBuildFile; fileRef = B51B73751F3ABF260082A8FB /* LongestPalindrome_409.swift */; };
		B52F933B1FB29F3D00AC4CCC /* MergeSortedArray_88.swift in Sources */ = {isa = PBXBuildFile; fileRef = B52F933A1FB29F3D00AC4CCC /* MergeSortedArray_88.swift */; };
		B52F93401FB2B1AB00AC4CCC /* RemoveLinkedListElements_203.swift in Sources */ = {isa = PBXBuildFile; fileRef = B52F933F1FB2B1AB00AC4CCC /* RemoveLinkedListElements_203.swift */; };
		B538FC8F1F3B2F3A00A1BC5C /* RansomNote_383.swift in Sources */ = {isa = PBXBuildFile; fileRef = B538FC8E1F3B2F3A00A1BC5C /* RansomNote_383.swift */; };
		B538FC911F3BFEC200A1BC5C /* IntersectionOfTwoArrays_349.swift in Sources */ = {isa = PBXBuildFile; fileRef = B538FC901F3BFEC200A1BC5C /* IntersectionOfTwoArrays_349.swift */; };
		B538FC931F3C070300A1BC5C /* SameTree_100.swift in Sources */ = {isa = PBXBuildFile; fileRef = B538FC921F3C070300A1BC5C /* SameTree_100.swift */; };
		B538FC961F3D491E00A1BC5C /* ExcelSheetColumnNumber_171.swift in Sources */ = {isa = PBXBuildFile; fileRef = B538FC951F3D491E00A1BC5C /* ExcelSheetColumnNumber_171.swift */; };
		B538FC981F3D4F5C00A1BC5C /* ValidAnagram_242.swift in Sources */ = {isa = PBXBuildFile; fileRef = B538FC971F3D4F5C00A1BC5C /* ValidAnagram_242.swift */; };
		B538FC9D1F413E3800A1BC5C /* MajorityElement_169.swift in Sources */ = {isa = PBXBuildFile; fileRef = B538FC9C1F413E3800A1BC5C /* MajorityElement_169.swift */; };
		B538FC9F1F41485200A1BC5C /* FirstUniqueCharacterInAString_387.swift in Sources */ = {isa = PBXBuildFile; fileRef = B538FC9E1F41485200A1BC5C /* FirstUniqueCharacterInAString_387.swift */; };
		B538FCCE1F428B1500A1BC5C /* ContainsDuplicate_217.swift in Sources */ = {isa = PBXBuildFile; fileRef = B538FCCD1F428B1500A1BC5C /* ContainsDuplicate_217.swift */; };
		B538FCD01F428F3800A1BC5C /* IntersectionOfTwoArraysII_350.swift in Sources */ = {isa = PBXBuildFile; fileRef = B538FCCF1F428F3800A1BC5C /* IntersectionOfTwoArraysII_350.swift */; };
		B538FCD31F42E35500A1BC5C /* RomanToInteger_13.swift in Sources */ = {isa = PBXBuildFile; fileRef = B538FCD21F42E35500A1BC5C /* RomanToInteger_13.swift */; };
		B538FCD51F43E05200A1BC5C /* FizzBuzz_412.swift in Sources */ = {isa = PBXBuildFile; fileRef = B538FCD41F43E05200A1BC5C /* FizzBuzz_412.swift */; };
		B538FCD71F43EAAC00A1BC5C /* ReverseLinkedList_206.swift in Sources */ = {isa = PBXBuildFile; fileRef = B538FCD61F43EAAC00A1BC5C /* ReverseLinkedList_206.swift */; };
		B538FD1D1F452FB600A1BC5C /* AddStrings_415.swift in Sources */ = {isa = PBXBuildFile; fileRef = B538FD1C1F452FB600A1BC5C /* AddStrings_415.swift */; };
		B538FD1F1F45450700A1BC5C /* ConvertANumberToHexadecimal_405.swift in Sources */ = {isa = PBXBuildFile; fileRef = B538FD1E1F45450700A1BC5C /* ConvertANumberToHexadecimal_405.swift */; };
		B53E503F1FB3EFDA00CE361D /* SumOfSquareNumbers_633.swift in Sources */ = {isa = PBXBuildFile; fileRef = B53E503E1FB3EFDA00CE361D /* SumOfSquareNumbers_633.swift */; };
		B53E50411FB3F5F500CE361D /* RepeatedStringMatch_686.swift in Sources */ = {isa = PBXBuildFile; fileRef = B53E50401FB3F5F500CE361D /* RepeatedStringMatch_686.swift */; };
		B53E504D1FB53F9C00CE361D /* ContainsDuplicateII_219.swift in Sources */ = {isa = PBXBuildFile; fileRef = B53E504C1FB53F9C00CE361D /* ContainsDuplicateII_219.swift */; };
		B53E50521FB574F400CE361D /* MinimumDepthOfBinaryTree_111.swift in Sources */ = {isa = PBXBuildFile; fileRef = B53E50511FB574F400CE361D /* MinimumDepthOfBinaryTree_111.swift */; };
		B53EC4FE1F8DB08C003122AC /* BinaryTreePaths_257.swift in Sources */ = {isa = PBXBuildFile; fileRef = B53EC4FD1F8DB08C003122AC /* BinaryTreePaths_257.swift */; };
		B53EC5081F8F053C003122AC /* TwoSum_1.swift in Sources */ = {isa = PBXBuildFile; fileRef = B53EC5071F8F053C003122AC /* TwoSum_1.swift */; };
		B53EC50A1F8F11ED003122AC /* PascalsTriangle_118.swift in Sources */ = {isa = PBXBuildFile; fileRef = B53EC5091F8F11ED003122AC /* PascalsTriangle_118.swift */; };
		B53EC5191F905AD9003122AC /* PowerOfFour_342.swift in Sources */ = {isa = PBXBuildFile; fileRef = B53EC5181F905AD9003122AC /* PowerOfFour_342.swift */; };
		B53EC51B1F906147003122AC /* ReverseVowelsOfAString_345.swift in Sources */ = {isa = PBXBuildFile; fileRef = B53EC51A1F906147003122AC /* ReverseVowelsOfAString_345.swift */; };
		B53EC5231F94495F003122AC /* SymmetricTree_101.swift in Sources */ = {isa = PBXBuildFile; fileRef = B53EC5221F94495F003122AC /* SymmetricTree_101.swift */; };
		B53EC5281F945A36003122AC /* ValidPerfectSquare_367.swift in Sources */ = {isa = PBXBuildFile; fileRef = B53EC5271F945A36003122AC /* ValidPerfectSquare_367.swift */; };
		B53EC5361F959CA4003122AC /* PlusOne_66.swift in Sources */ = {isa = PBXBuildFile; fileRef = B53EC5351F959CA4003122AC /* PlusOne_66.swift */; };
		B53EC53A1F959E0B003122AC /* RepeatedSubstringPattern_459.swift in Sources */ = {isa = PBXBuildFile; fileRef = B53EC5391F959E0B003122AC /* RepeatedSubstringPattern_459.swift */; };
		B53EC5441F96EE4B003122AC /* BalancedBinaryTree_110.swift in Sources */ = {isa = PBXBuildFile; fileRef = B53EC5431F96EE4B003122AC /* BalancedBinaryTree_110.swift */; };
		B53EC5461F96F016003122AC /* PalindromeNumber_9.swift in Sources */ = {isa = PBXBuildFile; fileRef = B53EC5451F96F016003122AC /* PalindromeNumber_9.swift */; };
		B53EC5541F98410B003122AC /* RemoveDuplicatesFromSortedArray_26.swift in Sources */ = {isa = PBXBuildFile; fileRef = B53EC5531F98410B003122AC /* RemoveDuplicatesFromSortedArray_26.swift */; };
		B53EC55C1F998DBD003122AC /* MaximumAverageSubarrayI_643.swift in Sources */ = {isa = PBXBuildFile; fileRef = B53EC55B1F998DBD003122AC /* MaximumAverageSubarrayI_643.swift */; };
		B53EC55E1F9998B3003122AC /* ArrangingCoins_441.swift in Sources */ = {isa = PBXBuildFile; fileRef = B53EC55D1F9998B3003122AC /* ArrangingCoins_441.swift */; };
		B53EC5681F9D8552003122AC /* FindModeInBinarySearchTree_501.swift in Sources */ = {isa = PBXBuildFile; fileRef = B53EC5671F9D8552003122AC /* FindModeInBinarySearchTree_501.swift */; };
		B53EC56A1F9D8B3F003122AC /* PascalsTriangleII_119.swift in Sources */ = {isa = PBXBuildFile; fileRef = B53EC5691F9D8B3F003122AC /* PascalsTriangleII_119.swift */; };
		B53EC56F1F9ED546003122AC /* NumberOfSegmentsInAString_434.swift in Sources */ = {isa = PBXBuildFile; fileRef = B53EC56E1F9ED546003122AC /* NumberOfSegmentsInAString_434.swift */; };
		B53EC5711F9EDB2F003122AC /* FactorialTrailingZeroes_172.swift in Sources */ = {isa = PBXBuildFile; fileRef = B53EC5701F9EDB2F003122AC /* FactorialTrailingZeroes_172.swift */; };
		B546D8D11F4FBDB200D045D8 /* NumberComplement_476.swift in Sources */ = {isa = PBXBuildFile; fileRef = B546D8D01F4FBDB200D045D8 /* NumberComplement_476.swift */; };
		B546D8D31F4FC07800D045D8 /* NextGreaterElementI_496.swift in Sources */ = {isa = PBXBuildFile; fileRef = B546D8D21F4FC07800D045D8 /* NextGreaterElementI_496.swift */; };
		B546D8DD1F53AF1A00D045D8 /* DetectCapital_520.swift in Sources */ = {isa = PBXBuildFile; fileRef = B546D8DC1F53AF1A00D045D8 /* DetectCapital_520.swift */; };
		B546D8DF1F53B6CB00D045D8 /* SumOfTwoIntegers_371.swift in Sources */ = {isa = PBXBuildFile; fileRef = B546D8DE1F53B6CB00D045D8 /* SumOfTwoIntegers_371.swift */; };
		B546D8E11F550BC500D045D8 /* JudgeRouteCircle_657.swift in Sources */ = {isa = PBXBuildFile; fileRef = B546D8E01F550BC500D045D8 /* JudgeRouteCircle_657.swift */; };
		B546D8E31F55110300D045D8 /* MergeTwoBinaryTrees_617.swift in Sources */ = {isa = PBXBuildFile; fileRef = B546D8E21F55110300D045D8 /* MergeTwoBinaryTrees_617.swift */; };
		B546D8E51F56539F00D045D8 /* ArrayPartitionI_561.swift in Sources */ = {isa = PBXBuildFile; fileRef = B546D8E41F56539F00D045D8 /* ArrayPartitionI_561.swift */; };
		B546D8E71F56592B00D045D8 /* KeyboardRow_500.swift in Sources */ = {isa = PBXBuildFile; fileRef = B546D8E61F56592B00D045D8 /* KeyboardRow_500.swift */; };
		B546D8F41F57A65E00D045D8 /* ReverseWordsInAStringIII_557.swift in Sources */ = {isa = PBXBuildFile; fileRef = B546D8F31F57A65E00D045D8 /* ReverseWordsInAStringIII_557.swift */; };
		B546D8F61F57AE0500D045D8 /* DistributeCandies_575.swift in Sources */ = {isa = PBXBuildFile; fileRef = B546D8F51F57AE0500D045D8 /* DistributeCandies_575.swift */; };
		B568496F1F7D075700E98E53 /* PathSumIII_437.swift in Sources */ = {isa = PBXBuildFile; fileRef = B568496E1F7D075700E98E53 /* PathSumIII_437.swift */; };
		B56849711F7DE2F400E98E53 /* SearchInsertPosition_35.swift in Sources */ = {isa = PBXBuildFile; fileRef = B56849701F7DE2F400E98E53 /* SearchInsertPosition_35.swift */; };
		B56849731F7DE9D700E98E53 /* MaximumSubarray_53.swift in Sources */ = {isa = PBXBuildFile; fileRef = B56849721F7DE9D700E98E53 /* MaximumSubarray_53.swift */; };
		B568497B1F8B0B8200E98E53 /* RemoveElement_27.swift in Sources */ = {isa = PBXBuildFile; fileRef = B568497A1F8B0B8200E98E53 /* RemoveElement_27.swift */; };
		B568497D1F8B0F6400E98E53 /* UglyNumber_263.swift in Sources */ = {isa = PBXBuildFile; fileRef = B568497C1F8B0F6400E98E53 /* UglyNumber_263.swift */; };
		B56849881F8C5BE700E98E53 /* MergeTwoSortedLists_21.swift in Sources */ = {isa = PBXBuildFile; fileRef = B56849871F8C5BE700E98E53 /* MergeTwoSortedLists_21.swift */; };
		B568498A1F8C6B5300E98E53 /* HouseRobber_198.swift in Sources */ = {isa = PBXBuildFile; fileRef = B56849891F8C6B5300E98E53 /* HouseRobber_198.swift */; };
		B5694CFD1F58F4E400C6832E /* ReshapeTheMatrix_566.swift in Sources */ = {isa = PBXBuildFile; fileRef = B5694CFC1F58F4E400C6832E /* ReshapeTheMatrix_566.swift */; };
		B5694CFF1F58FBBC00C6832E /* IslandPerimeter_463.swift in Sources */ = {isa = PBXBuildFile; fileRef = B5694CFE1F58FBBC00C6832E /* IslandPerimeter_463.swift */; };
		B5694D081F5CEBA200C6832E /* AverageOfLevelsInBinaryTree_637.swift in Sources */ = {isa = PBXBuildFile; fileRef = B5694D071F5CEBA200C6832E /* AverageOfLevelsInBinaryTree_637.swift */; };
		B580DFD51FA033D900A1D9A8 /* CountAndSay_38.swift in Sources */ = {isa = PBXBuildFile; fileRef = B580DFD41FA033D900A1D9A8 /* CountAndSay_38.swift */; };
		B580DFE61FA179A800A1D9A8 /* PathSum_112.swift in Sources */ = {isa = PBXBuildFile; fileRef = B580DFE51FA179A800A1D9A8 /* PathSum_112.swift */; };
		B580DFEB1FA191DA00A1D9A8 /* PerfectNumber_507.swift in Sources */ = {isa = PBXBuildFile; fileRef = B580DFEA1FA191DA00A1D9A8 /* PerfectNumber_507.swift */; };
		B580DFFC1FA6BC0A00A1D9A8 /* FindAllAnagramsInAString_438.swift in Sources */ = {isa = PBXBuildFile; fileRef = B580DFFB1FA6BC0A00A1D9A8 /* FindAllAnagramsInAString_438.swift */; };
		B580E00D1FA8107500A1D9A8 /* ValidParentheses_20.swift in Sources */ = {isa = PBXBuildFile; fileRef = B580E00C1FA8107500A1D9A8 /* ValidParentheses_20.swift */; };
		B580E01E1FA96F0A00A1D9A8 /* WordPattern_290.swift in Sources */ = {isa = PBXBuildFile; fileRef = B580E01D1FA96F0A00A1D9A8 /* WordPattern_290.swift */; };
		B580E0381FAAB3D200A1D9A8 /* AddBinary_67.swift in Sources */ = {isa = PBXBuildFile; fileRef = B580E0371FAAB3D200A1D9A8 /* AddBinary_67.swift */; };
		B580E0511FAFF8FE00A1D9A8 /* LongestWordInDictionary_720.swift in Sources */ = {isa = PBXBuildFile; fileRef = B580E0501FAFF8FE00A1D9A8 /* LongestWordInDictionary_720.swift */; };
		B580E0541FB00B9B00A1D9A8 /* ValidPalindromeII_680.swift in Sources */ = {isa = PBXBuildFile; fileRef = B580E0531FB00B9B00A1D9A8 /* ValidPalindromeII_680.swift */; };
		B580E0651FB1828000A1D9A8 /* LengthOfLastWord_58.swift in Sources */ = {isa = PBXBuildFile; fileRef = B580E0641FB1828000A1D9A8 /* LengthOfLastWord_58.swift */; };
		B582C88F1FB93AED00F4A767 /* PalindromeLinkedList_234.swift in Sources */ = {isa = PBXBuildFile; fileRef = B582C88E1FB93AED00F4A767 /* PalindromeLinkedList_234.swift */; };
		B582C8931FB94C5D00F4A767 /* LongestUnivaluePath_687.swift in Sources */ = {isa = PBXBuildFile; fileRef = B582C8921FB94C5D00F4A767 /* LongestUnivaluePath_687.swift */; };
		B582C8961FBA844600F4A767 /* ReverseInteger_7.swift in Sources */ = {isa = PBXBuildFile; fileRef = B582C8951FBA844600F4A767 /* ReverseInteger_7.swift */; };
		B5A00CCD1F3177E30080BBF8 /* main.swift in Sources */ = {isa = PBXBuildFile; fileRef = B5A00CCC1F3177E30080BBF8 /* main.swift */; };
		B5A00CDC1F319F220080BBF8 /* ReverseString_344.swift in Sources */ = {isa = PBXBuildFile; fileRef = B5A00CDB1F319F220080BBF8 /* ReverseString_344.swift */; };
		B5A00CDE1F31AA210080BBF8 /* AddDigits_258.swift in Sources */ = {isa = PBXBuildFile; fileRef = B5A00CDD1F31AA210080BBF8 /* AddDigits_258.swift */; };
		B5A552001F4682A70032FE78 /* PowerOfTwo_231.swift in Sources */ = {isa = PBXBuildFile; fileRef = B5A551FF1F4682A70032FE78 /* PowerOfTwo_231.swift */; };
		B5A552021F4686A20032FE78 /* PowerOfThree_326.swift in Sources */ = {isa = PBXBuildFile; fileRef = B5A552011F4686A20032FE78 /* PowerOfThree_326.swift */; };
		B5A5520C1F4A7C920032FE78 /* BestTimeToBuyAndSellStock_121.swift in Sources */ = {isa = PBXBuildFile; fileRef = B5A5520B1F4A7C920032FE78 /* BestTimeToBuyAndSellStock_121.swift */; };
		B5A5520E1F4A84E80032FE78 /* RemoveDuplicatesFromSortedList_83.swift in Sources */ = {isa = PBXBuildFile; fileRef = B5A5520D1F4A84E80032FE78 /* RemoveDuplicatesFromSortedList_83.swift */; };
		B5A5522A1F4C1E7A0032FE78 /* ClimbingStairs_70.swift in Sources */ = {isa = PBXBuildFile; fileRef = B5A552291F4C1E7A0032FE78 /* ClimbingStairs_70.swift */; };
		B5A5522C1F4E69500032FE78 /* MaximumDepthOfBinaryTree_104.swift in Sources */ = {isa = PBXBuildFile; fileRef = B5A5522B1F4E69500032FE78 /* MaximumDepthOfBinaryTree_104.swift */; };
		B5A5522E1F4E76EC0032FE78 /* HammingDistance_461.swift in Sources */ = {isa = PBXBuildFile; fileRef = B5A5522D1F4E76EC0032FE78 /* HammingDistance_461.swift */; };
		B5C1DEC31F7C922800830C6F /* SetMismatch_645.swift in Sources */ = {isa = PBXBuildFile; fileRef = B5C1DEC21F7C922800830C6F /* SetMismatch_645.swift */; };
		B5E074811FBBDB660060CF90 /* LongestCommonPrefix_14.swift in Sources */ = {isa = PBXBuildFile; fileRef = B5E074801FBBDB660060CF90 /* LongestCommonPrefix_14.swift */; };
		B5E074861FBD27EE0060CF90 /* ThirdMaximumNumber_414.swift in Sources */ = {isa = PBXBuildFile; fileRef = B5E074851FBD27EE0060CF90 /* ThirdMaximumNumber_414.swift */; };
		B5E074881FBD312C0060CF90 /* CanPlaceFlowers_605.swift in Sources */ = {isa = PBXBuildFile; fileRef = B5E074871FBD312C0060CF90 /* CanPlaceFlowers_605.swift */; };
/* End PBXBuildFile section */

/* Begin PBXCopyFilesBuildPhase section */
		B5A00CC71F3177E30080BBF8 /* CopyFiles */ = {
			isa = PBXCopyFilesBuildPhase;
			buildActionMask = 2147483647;
			dstPath = /usr/share/man/man1/;
			dstSubfolderSpec = 0;
			files = (
			);
			runOnlyForDeploymentPostprocessing = 1;
		};
/* End PBXCopyFilesBuildPhase section */

/* Begin PBXFileReference section */
		227914A01F487B590056FE38 /* HappyNumber_202.swift */ = {isa = PBXFileReference; fileEncoding = 4; lastKnownFileType = sourcecode.swift; path = HappyNumber_202.swift; sourceTree = "<group>"; };
		227A02E11FA4C33100D21791 /* IsomorphicStrings_205.swift */ = {isa = PBXFileReference; fileEncoding = 4; lastKnownFileType = sourcecode.swift; path = IsomorphicStrings_205.swift; sourceTree = "<group>"; };
		B50BE95E1F79EEB6002ED20E /* ConvertSortedArrayToBinarySearchTree_108.swift */ = {isa = PBXFileReference; fileEncoding = 4; lastKnownFileType = sourcecode.swift; path = ConvertSortedArrayToBinarySearchTree_108.swift; sourceTree = "<group>"; };
		B50BE9601F79F582002ED20E /* LongestHarmoniousSubsequence_594.swift */ = {isa = PBXFileReference; fileEncoding = 4; lastKnownFileType = sourcecode.swift; path = LongestHarmoniousSubsequence_594.swift; sourceTree = "<group>"; };
		B50BE9651F7B3903002ED20E /* SubtreeOfAnotherTree_572.swift */ = {isa = PBXFileReference; fileEncoding = 4; lastKnownFileType = sourcecode.swift; path = SubtreeOfAnotherTree_572.swift; sourceTree = "<group>"; };
		B50BE9671F7B45B7002ED20E /* BinaryTreeLevelOrderTraversalII_107.swift */ = {isa = PBXFileReference; fileEncoding = 4; lastKnownFileType = sourcecode.swift; path = BinaryTreeLevelOrderTraversalII_107.swift; sourceTree = "<group>"; };
		B5158EE31F5CFF9200E66F61 /* LongestUncommonSubsequenceI_521.swift */ = {isa = PBXFileReference; fileEncoding = 4; lastKnownFileType = sourcecode.swift; path = LongestUncommonSubsequenceI_521.swift; sourceTree = "<group>"; };
		B5158EE71F5E406800E66F61 /* MaxConsecutiveOnes_485.swift */ = {isa = PBXFileReference; fileEncoding = 4; lastKnownFileType = sourcecode.swift; path = MaxConsecutiveOnes_485.swift; sourceTree = "<group>"; };
		B5158EE91F5E48C700E66F61 /* FindAllNumbersDisappearedInAnArray_448.swift */ = {isa = PBXFileReference; fileEncoding = 4; lastKnownFileType = sourcecode.swift; path = FindAllNumbersDisappearedInAnArray_448.swift; sourceTree = "<group>"; };
		B5158EEB1F5F8C1D00E66F61 /* TwoSumIV_InputIsABST_653.swift */ = {isa = PBXFileReference; fileEncoding = 4; lastKnownFileType = sourcecode.swift; path = TwoSumIV_InputIsABST_653.swift; sourceTree = "<group>"; };
		B5158EED1F5F9B6900E66F61 /* ConstructStringFromBinaryTree_606.swift */ = {isa = PBXFileReference; fileEncoding = 4; lastKnownFileType = sourcecode.swift; path = ConstructStringFromBinaryTree_606.swift; sourceTree = "<group>"; };
		B5158EF21F60DCFB00E66F61 /* ConvertBSTToGreaterTree_538.swift */ = {isa = PBXFileReference; fileEncoding = 4; lastKnownFileType = sourcecode.swift; path = ConvertBSTToGreaterTree_538.swift; sourceTree = "<group>"; };
		B5158EF41F60E69300E66F61 /* ConstructTheRectangle_492.swift */ = {isa = PBXFileReference; fileEncoding = 4; lastKnownFileType = sourcecode.swift; path = ConstructTheRectangle_492.swift; sourceTree = "<group>"; };
		B5158F021F6231DE00E66F61 /* RangeAdditionII_598.swift */ = {isa = PBXFileReference; fileEncoding = 4; lastKnownFileType = sourcecode.swift; path = RangeAdditionII_598.swift; sourceTree = "<group>"; };
		B5158F041F623A9C00E66F61 /* MinimumMovesToEqualArrayElements_453.swift */ = {isa = PBXFileReference; fileEncoding = 4; lastKnownFileType = sourcecode.swift; path = MinimumMovesToEqualArrayElements_453.swift; sourceTree = "<group>"; };
		B5158F061F66238800E66F61 /* MinimumAbsoluteDifferenceInBST_530.swift */ = {isa = PBXFileReference; fileEncoding = 4; lastKnownFileType = sourcecode.swift; path = MinimumAbsoluteDifferenceInBST_530.swift; sourceTree = "<group>"; };
		B5158F081F662E2C00E66F61 /* AssignCookies_455.swift */ = {isa = PBXFileReference; fileEncoding = 4; lastKnownFileType = sourcecode.swift; path = AssignCookies_455.swift; sourceTree = "<group>"; };
		B5158F0D1F67756800E66F61 /* BestTimeToBuyAndSellStockII_122.swift */ = {isa = PBXFileReference; fileEncoding = 4; lastKnownFileType = sourcecode.swift; path = BestTimeToBuyAndSellStockII_122.swift; sourceTree = "<group>"; };
		B5158F0F1F6778CF00E66F61 /* TwoSumII_InputArrayIsSorted_167.swift */ = {isa = PBXFileReference; fileEncoding = 4; lastKnownFileType = sourcecode.swift; path = TwoSumII_InputArrayIsSorted_167.swift; sourceTree = "<group>"; };
		B5158F111F67876A00E66F61 /* BinaryTreeTilt_563.swift */ = {isa = PBXFileReference; fileEncoding = 4; lastKnownFileType = sourcecode.swift; path = BinaryTreeTilt_563.swift; sourceTree = "<group>"; };
		B5158F131F68C87800E66F61 /* MinimumIndexSumOfTwoLists_599.swift */ = {isa = PBXFileReference; fileEncoding = 4; lastKnownFileType = sourcecode.swift; path = MinimumIndexSumOfTwoLists_599.swift; sourceTree = "<group>"; };
		B5158F1E1F6A17D000E66F61 /* ImageSmoother_661.swift */ = {isa = PBXFileReference; fileEncoding = 4; lastKnownFileType = sourcecode.swift; path = ImageSmoother_661.swift; sourceTree = "<group>"; };
		B5158F201F6A21E800E66F61 /* RelativeRanks_506.swift */ = {isa = PBXFileReference; fileEncoding = 4; lastKnownFileType = sourcecode.swift; path = RelativeRanks_506.swift; sourceTree = "<group>"; };
		B5158F2B1F6F5E7800E66F61 /* MaximumProductOfThreeNumbers_628.swift */ = {isa = PBXFileReference; fileEncoding = 4; lastKnownFileType = sourcecode.swift; path = MaximumProductOfThreeNumbers_628.swift; sourceTree = "<group>"; };
		B5158F2D1F6F6A1500E66F61 /* NumberOfBoomerangs_447.swift */ = {isa = PBXFileReference; fileEncoding = 4; lastKnownFileType = sourcecode.swift; path = NumberOfBoomerangs_447.swift; sourceTree = "<group>"; };
		B5158F481F70B38700E66F61 /* BinaryWatch_401.swift */ = {isa = PBXFileReference; fileEncoding = 4; lastKnownFileType = sourcecode.swift; path = BinaryWatch_401.swift; sourceTree = "<group>"; };
		B5158F4A1F70FEBA00E66F61 /* Base7_504.swift */ = {isa = PBXFileReference; fileEncoding = 4; lastKnownFileType = sourcecode.swift; path = Base7_504.swift; sourceTree = "<group>"; };
		B5158F5A1F72031000E66F61 /* MissingNumber_268.swift */ = {isa = PBXFileReference; fileEncoding = 4; lastKnownFileType = sourcecode.swift; path = MissingNumber_268.swift; sourceTree = "<group>"; };
		B5158F5C1F7208C400E66F61 /* LongestContinuousIncreasingSubsequence_674.swift */ = {isa = PBXFileReference; fileEncoding = 4; lastKnownFileType = sourcecode.swift; path = LongestContinuousIncreasingSubsequence_674.swift; sourceTree = "<group>"; };
		B5158F651F73950100E66F61 /* DiameterOfBinaryTree_543.swift */ = {isa = PBXFileReference; fileEncoding = 4; lastKnownFileType = sourcecode.swift; path = DiameterOfBinaryTree_543.swift; sourceTree = "<group>"; };
		B5158F671F73A03000E66F61 /* StudentAttendanceRecordI_551.swift */ = {isa = PBXFileReference; fileEncoding = 4; lastKnownFileType = sourcecode.swift; path = StudentAttendanceRecordI_551.swift; sourceTree = "<group>"; };
		B5158F771F789BC200E66F61 /* ReverseStringII_541.swift */ = {isa = PBXFileReference; fileEncoding = 4; lastKnownFileType = sourcecode.swift; path = ReverseStringII_541.swift; sourceTree = "<group>"; };
		B5158F791F78A3B500E66F61 /* SecondMinimumNodeInABinaryTree_671.swift */ = {isa = PBXFileReference; fileEncoding = 4; lastKnownFileType = sourcecode.swift; path = SecondMinimumNodeInABinaryTree_671.swift; sourceTree = "<group>"; };
		B51B73641F34781F0082A8FB /* FindTheDifference_389.swift */ = {isa = PBXFileReference; fileEncoding = 4; lastKnownFileType = sourcecode.swift; path = FindTheDifference_389.swift; sourceTree = "<group>"; };
		B51B736F1F3838E10082A8FB /* InvertBinaryTree_226.swift */ = {isa = PBXFileReference; fileEncoding = 4; lastKnownFileType = sourcecode.swift; path = InvertBinaryTree_226.swift; sourceTree = "<group>"; };
		B51B73711F3958D70082A8FB /* MoveZeroes_283.swift */ = {isa = PBXFileReference; fileEncoding = 4; lastKnownFileType = sourcecode.swift; path = MoveZeroes_283.swift; sourceTree = "<group>"; };
		B51B73731F3AAAB40082A8FB /* SumOfLeftLeaves_404.swift */ = {isa = PBXFileReference; fileEncoding = 4; lastKnownFileType = sourcecode.swift; path = SumOfLeftLeaves_404.swift; sourceTree = "<group>"; };
		B51B73751F3ABF260082A8FB /* LongestPalindrome_409.swift */ = {isa = PBXFileReference; fileEncoding = 4; lastKnownFileType = sourcecode.swift; path = LongestPalindrome_409.swift; sourceTree = "<group>"; };
		B52F933A1FB29F3D00AC4CCC /* MergeSortedArray_88.swift */ = {isa = PBXFileReference; lastKnownFileType = sourcecode.swift; path = MergeSortedArray_88.swift; sourceTree = "<group>"; };
		B52F933F1FB2B1AB00AC4CCC /* RemoveLinkedListElements_203.swift */ = {isa = PBXFileReference; lastKnownFileType = sourcecode.swift; path = RemoveLinkedListElements_203.swift; sourceTree = "<group>"; };
		B538FC8E1F3B2F3A00A1BC5C /* RansomNote_383.swift */ = {isa = PBXFileReference; fileEncoding = 4; lastKnownFileType = sourcecode.swift; path = RansomNote_383.swift; sourceTree = "<group>"; };
		B538FC901F3BFEC200A1BC5C /* IntersectionOfTwoArrays_349.swift */ = {isa = PBXFileReference; fileEncoding = 4; lastKnownFileType = sourcecode.swift; path = IntersectionOfTwoArrays_349.swift; sourceTree = "<group>"; };
		B538FC921F3C070300A1BC5C /* SameTree_100.swift */ = {isa = PBXFileReference; fileEncoding = 4; lastKnownFileType = sourcecode.swift; path = SameTree_100.swift; sourceTree = "<group>"; };
		B538FC951F3D491E00A1BC5C /* ExcelSheetColumnNumber_171.swift */ = {isa = PBXFileReference; fileEncoding = 4; lastKnownFileType = sourcecode.swift; path = ExcelSheetColumnNumber_171.swift; sourceTree = "<group>"; };
		B538FC971F3D4F5C00A1BC5C /* ValidAnagram_242.swift */ = {isa = PBXFileReference; fileEncoding = 4; lastKnownFileType = sourcecode.swift; path = ValidAnagram_242.swift; sourceTree = "<group>"; };
		B538FC9C1F413E3800A1BC5C /* MajorityElement_169.swift */ = {isa = PBXFileReference; fileEncoding = 4; lastKnownFileType = sourcecode.swift; path = MajorityElement_169.swift; sourceTree = "<group>"; };
		B538FC9E1F41485200A1BC5C /* FirstUniqueCharacterInAString_387.swift */ = {isa = PBXFileReference; fileEncoding = 4; lastKnownFileType = sourcecode.swift; path = FirstUniqueCharacterInAString_387.swift; sourceTree = "<group>"; };
		B538FCCD1F428B1500A1BC5C /* ContainsDuplicate_217.swift */ = {isa = PBXFileReference; fileEncoding = 4; lastKnownFileType = sourcecode.swift; path = ContainsDuplicate_217.swift; sourceTree = "<group>"; };
		B538FCCF1F428F3800A1BC5C /* IntersectionOfTwoArraysII_350.swift */ = {isa = PBXFileReference; fileEncoding = 4; lastKnownFileType = sourcecode.swift; path = IntersectionOfTwoArraysII_350.swift; sourceTree = "<group>"; };
		B538FCD21F42E35500A1BC5C /* RomanToInteger_13.swift */ = {isa = PBXFileReference; fileEncoding = 4; lastKnownFileType = sourcecode.swift; path = RomanToInteger_13.swift; sourceTree = "<group>"; };
		B538FCD41F43E05200A1BC5C /* FizzBuzz_412.swift */ = {isa = PBXFileReference; fileEncoding = 4; lastKnownFileType = sourcecode.swift; path = FizzBuzz_412.swift; sourceTree = "<group>"; };
		B538FCD61F43EAAC00A1BC5C /* ReverseLinkedList_206.swift */ = {isa = PBXFileReference; fileEncoding = 4; lastKnownFileType = sourcecode.swift; path = ReverseLinkedList_206.swift; sourceTree = "<group>"; };
		B538FD1C1F452FB600A1BC5C /* AddStrings_415.swift */ = {isa = PBXFileReference; fileEncoding = 4; lastKnownFileType = sourcecode.swift; path = AddStrings_415.swift; sourceTree = "<group>"; };
		B538FD1E1F45450700A1BC5C /* ConvertANumberToHexadecimal_405.swift */ = {isa = PBXFileReference; fileEncoding = 4; lastKnownFileType = sourcecode.swift; path = ConvertANumberToHexadecimal_405.swift; sourceTree = "<group>"; };
		B53E503E1FB3EFDA00CE361D /* SumOfSquareNumbers_633.swift */ = {isa = PBXFileReference; lastKnownFileType = sourcecode.swift; path = SumOfSquareNumbers_633.swift; sourceTree = "<group>"; };
		B53E50401FB3F5F500CE361D /* RepeatedStringMatch_686.swift */ = {isa = PBXFileReference; lastKnownFileType = sourcecode.swift; path = RepeatedStringMatch_686.swift; sourceTree = "<group>"; };
		B53E504C1FB53F9C00CE361D /* ContainsDuplicateII_219.swift */ = {isa = PBXFileReference; lastKnownFileType = sourcecode.swift; path = ContainsDuplicateII_219.swift; sourceTree = "<group>"; };
		B53E50511FB574F400CE361D /* MinimumDepthOfBinaryTree_111.swift */ = {isa = PBXFileReference; lastKnownFileType = sourcecode.swift; path = MinimumDepthOfBinaryTree_111.swift; sourceTree = "<group>"; };
		B53EC4FD1F8DB08C003122AC /* BinaryTreePaths_257.swift */ = {isa = PBXFileReference; lastKnownFileType = sourcecode.swift; path = BinaryTreePaths_257.swift; sourceTree = "<group>"; };
		B53EC5071F8F053C003122AC /* TwoSum_1.swift */ = {isa = PBXFileReference; lastKnownFileType = sourcecode.swift; path = TwoSum_1.swift; sourceTree = "<group>"; };
		B53EC5091F8F11ED003122AC /* PascalsTriangle_118.swift */ = {isa = PBXFileReference; lastKnownFileType = sourcecode.swift; path = PascalsTriangle_118.swift; sourceTree = "<group>"; };
		B53EC5181F905AD9003122AC /* PowerOfFour_342.swift */ = {isa = PBXFileReference; lastKnownFileType = sourcecode.swift; path = PowerOfFour_342.swift; sourceTree = "<group>"; };
		B53EC51A1F906147003122AC /* ReverseVowelsOfAString_345.swift */ = {isa = PBXFileReference; lastKnownFileType = sourcecode.swift; path = ReverseVowelsOfAString_345.swift; sourceTree = "<group>"; };
		B53EC5221F94495F003122AC /* SymmetricTree_101.swift */ = {isa = PBXFileReference; lastKnownFileType = sourcecode.swift; path = SymmetricTree_101.swift; sourceTree = "<group>"; };
		B53EC5271F945A36003122AC /* ValidPerfectSquare_367.swift */ = {isa = PBXFileReference; lastKnownFileType = sourcecode.swift; path = ValidPerfectSquare_367.swift; sourceTree = "<group>"; };
		B53EC5351F959CA4003122AC /* PlusOne_66.swift */ = {isa = PBXFileReference; lastKnownFileType = sourcecode.swift; path = PlusOne_66.swift; sourceTree = "<group>"; };
		B53EC5391F959E0B003122AC /* RepeatedSubstringPattern_459.swift */ = {isa = PBXFileReference; lastKnownFileType = sourcecode.swift; path = RepeatedSubstringPattern_459.swift; sourceTree = "<group>"; };
		B53EC5431F96EE4B003122AC /* BalancedBinaryTree_110.swift */ = {isa = PBXFileReference; lastKnownFileType = sourcecode.swift; path = BalancedBinaryTree_110.swift; sourceTree = "<group>"; };
		B53EC5451F96F016003122AC /* PalindromeNumber_9.swift */ = {isa = PBXFileReference; lastKnownFileType = sourcecode.swift; path = PalindromeNumber_9.swift; sourceTree = "<group>"; };
		B53EC5531F98410B003122AC /* RemoveDuplicatesFromSortedArray_26.swift */ = {isa = PBXFileReference; lastKnownFileType = sourcecode.swift; path = RemoveDuplicatesFromSortedArray_26.swift; sourceTree = "<group>"; };
		B53EC55B1F998DBD003122AC /* MaximumAverageSubarrayI_643.swift */ = {isa = PBXFileReference; lastKnownFileType = sourcecode.swift; path = MaximumAverageSubarrayI_643.swift; sourceTree = "<group>"; };
		B53EC55D1F9998B3003122AC /* ArrangingCoins_441.swift */ = {isa = PBXFileReference; lastKnownFileType = sourcecode.swift; path = ArrangingCoins_441.swift; sourceTree = "<group>"; };
		B53EC5671F9D8552003122AC /* FindModeInBinarySearchTree_501.swift */ = {isa = PBXFileReference; lastKnownFileType = sourcecode.swift; path = FindModeInBinarySearchTree_501.swift; sourceTree = "<group>"; };
		B53EC5691F9D8B3F003122AC /* PascalsTriangleII_119.swift */ = {isa = PBXFileReference; lastKnownFileType = sourcecode.swift; path = PascalsTriangleII_119.swift; sourceTree = "<group>"; };
		B53EC56E1F9ED546003122AC /* NumberOfSegmentsInAString_434.swift */ = {isa = PBXFileReference; lastKnownFileType = sourcecode.swift; path = NumberOfSegmentsInAString_434.swift; sourceTree = "<group>"; };
		B53EC5701F9EDB2F003122AC /* FactorialTrailingZeroes_172.swift */ = {isa = PBXFileReference; lastKnownFileType = sourcecode.swift; path = FactorialTrailingZeroes_172.swift; sourceTree = "<group>"; };
		B546D8D01F4FBDB200D045D8 /* NumberComplement_476.swift */ = {isa = PBXFileReference; fileEncoding = 4; lastKnownFileType = sourcecode.swift; path = NumberComplement_476.swift; sourceTree = "<group>"; };
		B546D8D21F4FC07800D045D8 /* NextGreaterElementI_496.swift */ = {isa = PBXFileReference; fileEncoding = 4; lastKnownFileType = sourcecode.swift; path = NextGreaterElementI_496.swift; sourceTree = "<group>"; };
		B546D8DC1F53AF1A00D045D8 /* DetectCapital_520.swift */ = {isa = PBXFileReference; fileEncoding = 4; lastKnownFileType = sourcecode.swift; path = DetectCapital_520.swift; sourceTree = "<group>"; };
		B546D8DE1F53B6CB00D045D8 /* SumOfTwoIntegers_371.swift */ = {isa = PBXFileReference; fileEncoding = 4; lastKnownFileType = sourcecode.swift; path = SumOfTwoIntegers_371.swift; sourceTree = "<group>"; };
		B546D8E01F550BC500D045D8 /* JudgeRouteCircle_657.swift */ = {isa = PBXFileReference; fileEncoding = 4; lastKnownFileType = sourcecode.swift; path = JudgeRouteCircle_657.swift; sourceTree = "<group>"; };
		B546D8E21F55110300D045D8 /* MergeTwoBinaryTrees_617.swift */ = {isa = PBXFileReference; fileEncoding = 4; lastKnownFileType = sourcecode.swift; path = MergeTwoBinaryTrees_617.swift; sourceTree = "<group>"; };
		B546D8E41F56539F00D045D8 /* ArrayPartitionI_561.swift */ = {isa = PBXFileReference; fileEncoding = 4; lastKnownFileType = sourcecode.swift; path = ArrayPartitionI_561.swift; sourceTree = "<group>"; };
		B546D8E61F56592B00D045D8 /* KeyboardRow_500.swift */ = {isa = PBXFileReference; fileEncoding = 4; lastKnownFileType = sourcecode.swift; path = KeyboardRow_500.swift; sourceTree = "<group>"; };
		B546D8F31F57A65E00D045D8 /* ReverseWordsInAStringIII_557.swift */ = {isa = PBXFileReference; fileEncoding = 4; lastKnownFileType = sourcecode.swift; path = ReverseWordsInAStringIII_557.swift; sourceTree = "<group>"; };
		B546D8F51F57AE0500D045D8 /* DistributeCandies_575.swift */ = {isa = PBXFileReference; fileEncoding = 4; lastKnownFileType = sourcecode.swift; path = DistributeCandies_575.swift; sourceTree = "<group>"; };
		B568496E1F7D075700E98E53 /* PathSumIII_437.swift */ = {isa = PBXFileReference; lastKnownFileType = sourcecode.swift; path = PathSumIII_437.swift; sourceTree = "<group>"; };
		B56849701F7DE2F400E98E53 /* SearchInsertPosition_35.swift */ = {isa = PBXFileReference; lastKnownFileType = sourcecode.swift; path = SearchInsertPosition_35.swift; sourceTree = "<group>"; };
		B56849721F7DE9D700E98E53 /* MaximumSubarray_53.swift */ = {isa = PBXFileReference; lastKnownFileType = sourcecode.swift; path = MaximumSubarray_53.swift; sourceTree = "<group>"; };
		B568497A1F8B0B8200E98E53 /* RemoveElement_27.swift */ = {isa = PBXFileReference; lastKnownFileType = sourcecode.swift; path = RemoveElement_27.swift; sourceTree = "<group>"; };
		B568497C1F8B0F6400E98E53 /* UglyNumber_263.swift */ = {isa = PBXFileReference; lastKnownFileType = sourcecode.swift; path = UglyNumber_263.swift; sourceTree = "<group>"; };
		B56849871F8C5BE700E98E53 /* MergeTwoSortedLists_21.swift */ = {isa = PBXFileReference; lastKnownFileType = sourcecode.swift; path = MergeTwoSortedLists_21.swift; sourceTree = "<group>"; };
		B56849891F8C6B5300E98E53 /* HouseRobber_198.swift */ = {isa = PBXFileReference; lastKnownFileType = sourcecode.swift; path = HouseRobber_198.swift; sourceTree = "<group>"; };
		B5694CFC1F58F4E400C6832E /* ReshapeTheMatrix_566.swift */ = {isa = PBXFileReference; fileEncoding = 4; lastKnownFileType = sourcecode.swift; path = ReshapeTheMatrix_566.swift; sourceTree = "<group>"; };
		B5694CFE1F58FBBC00C6832E /* IslandPerimeter_463.swift */ = {isa = PBXFileReference; fileEncoding = 4; lastKnownFileType = sourcecode.swift; path = IslandPerimeter_463.swift; sourceTree = "<group>"; };
		B5694D071F5CEBA200C6832E /* AverageOfLevelsInBinaryTree_637.swift */ = {isa = PBXFileReference; fileEncoding = 4; lastKnownFileType = sourcecode.swift; path = AverageOfLevelsInBinaryTree_637.swift; sourceTree = "<group>"; };
		B580DFD41FA033D900A1D9A8 /* CountAndSay_38.swift */ = {isa = PBXFileReference; lastKnownFileType = sourcecode.swift; path = CountAndSay_38.swift; sourceTree = "<group>"; };
		B580DFE51FA179A800A1D9A8 /* PathSum_112.swift */ = {isa = PBXFileReference; lastKnownFileType = sourcecode.swift; path = PathSum_112.swift; sourceTree = "<group>"; };
		B580DFEA1FA191DA00A1D9A8 /* PerfectNumber_507.swift */ = {isa = PBXFileReference; lastKnownFileType = sourcecode.swift; path = PerfectNumber_507.swift; sourceTree = "<group>"; };
		B580DFFB1FA6BC0A00A1D9A8 /* FindAllAnagramsInAString_438.swift */ = {isa = PBXFileReference; lastKnownFileType = sourcecode.swift; path = FindAllAnagramsInAString_438.swift; sourceTree = "<group>"; };
		B580E00C1FA8107500A1D9A8 /* ValidParentheses_20.swift */ = {isa = PBXFileReference; lastKnownFileType = sourcecode.swift; path = ValidParentheses_20.swift; sourceTree = "<group>"; };
		B580E01D1FA96F0A00A1D9A8 /* WordPattern_290.swift */ = {isa = PBXFileReference; lastKnownFileType = sourcecode.swift; path = WordPattern_290.swift; sourceTree = "<group>"; };
		B580E0371FAAB3D200A1D9A8 /* AddBinary_67.swift */ = {isa = PBXFileReference; lastKnownFileType = sourcecode.swift; path = AddBinary_67.swift; sourceTree = "<group>"; };
		B580E0501FAFF8FE00A1D9A8 /* LongestWordInDictionary_720.swift */ = {isa = PBXFileReference; lastKnownFileType = sourcecode.swift; path = LongestWordInDictionary_720.swift; sourceTree = "<group>"; };
		B580E0531FB00B9B00A1D9A8 /* ValidPalindromeII_680.swift */ = {isa = PBXFileReference; lastKnownFileType = sourcecode.swift; path = ValidPalindromeII_680.swift; sourceTree = "<group>"; };
		B580E0641FB1828000A1D9A8 /* LengthOfLastWord_58.swift */ = {isa = PBXFileReference; lastKnownFileType = sourcecode.swift; path = LengthOfLastWord_58.swift; sourceTree = "<group>"; };
		B582C88E1FB93AED00F4A767 /* PalindromeLinkedList_234.swift */ = {isa = PBXFileReference; lastKnownFileType = sourcecode.swift; path = PalindromeLinkedList_234.swift; sourceTree = "<group>"; };
		B582C8921FB94C5D00F4A767 /* LongestUnivaluePath_687.swift */ = {isa = PBXFileReference; lastKnownFileType = sourcecode.swift; path = LongestUnivaluePath_687.swift; sourceTree = "<group>"; };
		B582C8951FBA844600F4A767 /* ReverseInteger_7.swift */ = {isa = PBXFileReference; lastKnownFileType = sourcecode.swift; path = ReverseInteger_7.swift; sourceTree = "<group>"; };
		B5A00CC91F3177E30080BBF8 /* LeetCode_Swift */ = {isa = PBXFileReference; explicitFileType = "compiled.mach-o.executable"; includeInIndex = 0; path = LeetCode_Swift; sourceTree = BUILT_PRODUCTS_DIR; };
		B5A00CCC1F3177E30080BBF8 /* main.swift */ = {isa = PBXFileReference; lastKnownFileType = sourcecode.swift; path = main.swift; sourceTree = "<group>"; };
		B5A00CDB1F319F220080BBF8 /* ReverseString_344.swift */ = {isa = PBXFileReference; fileEncoding = 4; lastKnownFileType = sourcecode.swift; path = ReverseString_344.swift; sourceTree = "<group>"; };
		B5A00CDD1F31AA210080BBF8 /* AddDigits_258.swift */ = {isa = PBXFileReference; fileEncoding = 4; lastKnownFileType = sourcecode.swift; path = AddDigits_258.swift; sourceTree = "<group>"; };
		B5A551FF1F4682A70032FE78 /* PowerOfTwo_231.swift */ = {isa = PBXFileReference; fileEncoding = 4; lastKnownFileType = sourcecode.swift; path = PowerOfTwo_231.swift; sourceTree = "<group>"; };
		B5A552011F4686A20032FE78 /* PowerOfThree_326.swift */ = {isa = PBXFileReference; fileEncoding = 4; lastKnownFileType = sourcecode.swift; path = PowerOfThree_326.swift; sourceTree = "<group>"; };
		B5A5520B1F4A7C920032FE78 /* BestTimeToBuyAndSellStock_121.swift */ = {isa = PBXFileReference; fileEncoding = 4; lastKnownFileType = sourcecode.swift; path = BestTimeToBuyAndSellStock_121.swift; sourceTree = "<group>"; };
		B5A5520D1F4A84E80032FE78 /* RemoveDuplicatesFromSortedList_83.swift */ = {isa = PBXFileReference; fileEncoding = 4; lastKnownFileType = sourcecode.swift; path = RemoveDuplicatesFromSortedList_83.swift; sourceTree = "<group>"; };
		B5A552291F4C1E7A0032FE78 /* ClimbingStairs_70.swift */ = {isa = PBXFileReference; fileEncoding = 4; lastKnownFileType = sourcecode.swift; path = ClimbingStairs_70.swift; sourceTree = "<group>"; };
		B5A5522B1F4E69500032FE78 /* MaximumDepthOfBinaryTree_104.swift */ = {isa = PBXFileReference; fileEncoding = 4; lastKnownFileType = sourcecode.swift; path = MaximumDepthOfBinaryTree_104.swift; sourceTree = "<group>"; };
		B5A5522D1F4E76EC0032FE78 /* HammingDistance_461.swift */ = {isa = PBXFileReference; fileEncoding = 4; lastKnownFileType = sourcecode.swift; path = HammingDistance_461.swift; sourceTree = "<group>"; };
		B5C1DEC21F7C922800830C6F /* SetMismatch_645.swift */ = {isa = PBXFileReference; fileEncoding = 4; lastKnownFileType = sourcecode.swift; path = SetMismatch_645.swift; sourceTree = "<group>"; };
		B5E074801FBBDB660060CF90 /* LongestCommonPrefix_14.swift */ = {isa = PBXFileReference; lastKnownFileType = sourcecode.swift; path = LongestCommonPrefix_14.swift; sourceTree = "<group>"; };
		B5E074851FBD27EE0060CF90 /* ThirdMaximumNumber_414.swift */ = {isa = PBXFileReference; lastKnownFileType = sourcecode.swift; path = ThirdMaximumNumber_414.swift; sourceTree = "<group>"; };
		B5E074871FBD312C0060CF90 /* CanPlaceFlowers_605.swift */ = {isa = PBXFileReference; lastKnownFileType = sourcecode.swift; path = CanPlaceFlowers_605.swift; sourceTree = "<group>"; };
/* End PBXFileReference section */

/* Begin PBXFrameworksBuildPhase section */
		B5A00CC61F3177E30080BBF8 /* Frameworks */ = {
			isa = PBXFrameworksBuildPhase;
			buildActionMask = 2147483647;
			files = (
			);
			runOnlyForDeploymentPostprocessing = 0;
		};
/* End PBXFrameworksBuildPhase section */

/* Begin PBXGroup section */
		B5A00CC01F3177E30080BBF8 = {
			isa = PBXGroup;
			children = (
				B5A00CCB1F3177E30080BBF8 /* LeetCode_Swift */,
				B5A00CCA1F3177E30080BBF8 /* Products */,
			);
			sourceTree = "<group>";
		};
		B5A00CCA1F3177E30080BBF8 /* Products */ = {
			isa = PBXGroup;
			children = (
				B5A00CC91F3177E30080BBF8 /* LeetCode_Swift */,
			);
			name = Products;
			sourceTree = "<group>";
		};
		B5A00CCB1F3177E30080BBF8 /* LeetCode_Swift */ = {
			isa = PBXGroup;
			children = (
				B5A00CCC1F3177E30080BBF8 /* main.swift */,
				B53EC51A1F906147003122AC /* ReverseVowelsOfAString_345.swift */,
				B5A00CDB1F319F220080BBF8 /* ReverseString_344.swift */,
				B5A00CDD1F31AA210080BBF8 /* AddDigits_258.swift */,
				B51B73641F34781F0082A8FB /* FindTheDifference_389.swift */,
				B51B736F1F3838E10082A8FB /* InvertBinaryTree_226.swift */,
				B51B73711F3958D70082A8FB /* MoveZeroes_283.swift */,
				B51B73731F3AAAB40082A8FB /* SumOfLeftLeaves_404.swift */,
				B51B73751F3ABF260082A8FB /* LongestPalindrome_409.swift */,
				B538FC8E1F3B2F3A00A1BC5C /* RansomNote_383.swift */,
				B538FC901F3BFEC200A1BC5C /* IntersectionOfTwoArrays_349.swift */,
				B538FC921F3C070300A1BC5C /* SameTree_100.swift */,
				B538FC951F3D491E00A1BC5C /* ExcelSheetColumnNumber_171.swift */,
				B538FC971F3D4F5C00A1BC5C /* ValidAnagram_242.swift */,
				B538FC9C1F413E3800A1BC5C /* MajorityElement_169.swift */,
				B538FC9E1F41485200A1BC5C /* FirstUniqueCharacterInAString_387.swift */,
				B538FCCD1F428B1500A1BC5C /* ContainsDuplicate_217.swift */,
				B538FCCF1F428F3800A1BC5C /* IntersectionOfTwoArraysII_350.swift */,
				B538FCD21F42E35500A1BC5C /* RomanToInteger_13.swift */,
				B538FCD41F43E05200A1BC5C /* FizzBuzz_412.swift */,
				B538FCD61F43EAAC00A1BC5C /* ReverseLinkedList_206.swift */,
				B538FD1C1F452FB600A1BC5C /* AddStrings_415.swift */,
				B538FD1E1F45450700A1BC5C /* ConvertANumberToHexadecimal_405.swift */,
				B5A551FF1F4682A70032FE78 /* PowerOfTwo_231.swift */,
				B5A552011F4686A20032FE78 /* PowerOfThree_326.swift */,
				227914A01F487B590056FE38 /* HappyNumber_202.swift */,
				B5A5520B1F4A7C920032FE78 /* BestTimeToBuyAndSellStock_121.swift */,
				B5A5520D1F4A84E80032FE78 /* RemoveDuplicatesFromSortedList_83.swift */,
				B5A552291F4C1E7A0032FE78 /* ClimbingStairs_70.swift */,
				B5A5522B1F4E69500032FE78 /* MaximumDepthOfBinaryTree_104.swift */,
				B5A5522D1F4E76EC0032FE78 /* HammingDistance_461.swift */,
				B546D8D01F4FBDB200D045D8 /* NumberComplement_476.swift */,
				B546D8D21F4FC07800D045D8 /* NextGreaterElementI_496.swift */,
				B546D8DC1F53AF1A00D045D8 /* DetectCapital_520.swift */,
				B546D8DE1F53B6CB00D045D8 /* SumOfTwoIntegers_371.swift */,
				B546D8E01F550BC500D045D8 /* JudgeRouteCircle_657.swift */,
				B546D8E21F55110300D045D8 /* MergeTwoBinaryTrees_617.swift */,
				B546D8E41F56539F00D045D8 /* ArrayPartitionI_561.swift */,
				B546D8E61F56592B00D045D8 /* KeyboardRow_500.swift */,
				B546D8F31F57A65E00D045D8 /* ReverseWordsInAStringIII_557.swift */,
				B546D8F51F57AE0500D045D8 /* DistributeCandies_575.swift */,
				B5694CFC1F58F4E400C6832E /* ReshapeTheMatrix_566.swift */,
				B5694CFE1F58FBBC00C6832E /* IslandPerimeter_463.swift */,
				B5694D071F5CEBA200C6832E /* AverageOfLevelsInBinaryTree_637.swift */,
				B5158EE31F5CFF9200E66F61 /* LongestUncommonSubsequenceI_521.swift */,
				B5158EE71F5E406800E66F61 /* MaxConsecutiveOnes_485.swift */,
				B5158EE91F5E48C700E66F61 /* FindAllNumbersDisappearedInAnArray_448.swift */,
				B5158EEB1F5F8C1D00E66F61 /* TwoSumIV_InputIsABST_653.swift */,
				B5158EED1F5F9B6900E66F61 /* ConstructStringFromBinaryTree_606.swift */,
				B5158EF21F60DCFB00E66F61 /* ConvertBSTToGreaterTree_538.swift */,
				B5158EF41F60E69300E66F61 /* ConstructTheRectangle_492.swift */,
				B5158F021F6231DE00E66F61 /* RangeAdditionII_598.swift */,
				B5158F041F623A9C00E66F61 /* MinimumMovesToEqualArrayElements_453.swift */,
				B5158F061F66238800E66F61 /* MinimumAbsoluteDifferenceInBST_530.swift */,
				B5158F081F662E2C00E66F61 /* AssignCookies_455.swift */,
				B5158F0D1F67756800E66F61 /* BestTimeToBuyAndSellStockII_122.swift */,
				B5158F0F1F6778CF00E66F61 /* TwoSumII_InputArrayIsSorted_167.swift */,
				B5158F111F67876A00E66F61 /* BinaryTreeTilt_563.swift */,
				B5158F131F68C87800E66F61 /* MinimumIndexSumOfTwoLists_599.swift */,
				B5158F1E1F6A17D000E66F61 /* ImageSmoother_661.swift */,
				B5158F201F6A21E800E66F61 /* RelativeRanks_506.swift */,
				B5158F2B1F6F5E7800E66F61 /* MaximumProductOfThreeNumbers_628.swift */,
				B5158F2D1F6F6A1500E66F61 /* NumberOfBoomerangs_447.swift */,
				B5158F481F70B38700E66F61 /* BinaryWatch_401.swift */,
				B5158F4A1F70FEBA00E66F61 /* Base7_504.swift */,
				B5158F5A1F72031000E66F61 /* MissingNumber_268.swift */,
				B5158F5C1F7208C400E66F61 /* LongestContinuousIncreasingSubsequence_674.swift */,
				B5158F651F73950100E66F61 /* DiameterOfBinaryTree_543.swift */,
				B5158F671F73A03000E66F61 /* StudentAttendanceRecordI_551.swift */,
				B5158F771F789BC200E66F61 /* ReverseStringII_541.swift */,
				B5158F791F78A3B500E66F61 /* SecondMinimumNodeInABinaryTree_671.swift */,
				B50BE95E1F79EEB6002ED20E /* ConvertSortedArrayToBinarySearchTree_108.swift */,
				B50BE9601F79F582002ED20E /* LongestHarmoniousSubsequence_594.swift */,
				B50BE9651F7B3903002ED20E /* SubtreeOfAnotherTree_572.swift */,
				B50BE9671F7B45B7002ED20E /* BinaryTreeLevelOrderTraversalII_107.swift */,
				B5C1DEC21F7C922800830C6F /* SetMismatch_645.swift */,
				B568496E1F7D075700E98E53 /* PathSumIII_437.swift */,
				B56849701F7DE2F400E98E53 /* SearchInsertPosition_35.swift */,
				B56849721F7DE9D700E98E53 /* MaximumSubarray_53.swift */,
				B568497A1F8B0B8200E98E53 /* RemoveElement_27.swift */,
				B568497C1F8B0F6400E98E53 /* UglyNumber_263.swift */,
				B56849871F8C5BE700E98E53 /* MergeTwoSortedLists_21.swift */,
				B56849891F8C6B5300E98E53 /* HouseRobber_198.swift */,
				B53EC4FD1F8DB08C003122AC /* BinaryTreePaths_257.swift */,
				B53EC5071F8F053C003122AC /* TwoSum_1.swift */,
				B53EC5091F8F11ED003122AC /* PascalsTriangle_118.swift */,
				B53EC5181F905AD9003122AC /* PowerOfFour_342.swift */,
				B53EC5221F94495F003122AC /* SymmetricTree_101.swift */,
				B53EC5271F945A36003122AC /* ValidPerfectSquare_367.swift */,
				B53EC5351F959CA4003122AC /* PlusOne_66.swift */,
				B53EC5391F959E0B003122AC /* RepeatedSubstringPattern_459.swift */,
				B53EC5431F96EE4B003122AC /* BalancedBinaryTree_110.swift */,
				B53EC5451F96F016003122AC /* PalindromeNumber_9.swift */,
				B53EC5531F98410B003122AC /* RemoveDuplicatesFromSortedArray_26.swift */,
				B53EC55B1F998DBD003122AC /* MaximumAverageSubarrayI_643.swift */,
				B53EC55D1F9998B3003122AC /* ArrangingCoins_441.swift */,
				B53EC5671F9D8552003122AC /* FindModeInBinarySearchTree_501.swift */,
				B53EC5691F9D8B3F003122AC /* PascalsTriangleII_119.swift */,
				B53EC56E1F9ED546003122AC /* NumberOfSegmentsInAString_434.swift */,
				B53EC5701F9EDB2F003122AC /* FactorialTrailingZeroes_172.swift */,
				B580DFD41FA033D900A1D9A8 /* CountAndSay_38.swift */,
				B580DFE51FA179A800A1D9A8 /* PathSum_112.swift */,
				B580DFEA1FA191DA00A1D9A8 /* PerfectNumber_507.swift */,
				227A02E11FA4C33100D21791 /* IsomorphicStrings_205.swift */,
				B580DFFB1FA6BC0A00A1D9A8 /* FindAllAnagramsInAString_438.swift */,
				B580E00C1FA8107500A1D9A8 /* ValidParentheses_20.swift */,
				B580E01D1FA96F0A00A1D9A8 /* WordPattern_290.swift */,
				B580E0371FAAB3D200A1D9A8 /* AddBinary_67.swift */,
				B580E0501FAFF8FE00A1D9A8 /* LongestWordInDictionary_720.swift */,
				B580E0531FB00B9B00A1D9A8 /* ValidPalindromeII_680.swift */,
				B580E0641FB1828000A1D9A8 /* LengthOfLastWord_58.swift */,
				B52F933A1FB29F3D00AC4CCC /* MergeSortedArray_88.swift */,
				B52F933F1FB2B1AB00AC4CCC /* RemoveLinkedListElements_203.swift */,
				B53E503E1FB3EFDA00CE361D /* SumOfSquareNumbers_633.swift */,
				B53E50401FB3F5F500CE361D /* RepeatedStringMatch_686.swift */,
				B53E504C1FB53F9C00CE361D /* ContainsDuplicateII_219.swift */,
				B53E50511FB574F400CE361D /* MinimumDepthOfBinaryTree_111.swift */,
				B582C88E1FB93AED00F4A767 /* PalindromeLinkedList_234.swift */,
				B582C8921FB94C5D00F4A767 /* LongestUnivaluePath_687.swift */,
				B582C8951FBA844600F4A767 /* ReverseInteger_7.swift */,
				B5E074801FBBDB660060CF90 /* LongestCommonPrefix_14.swift */,
				B5E074851FBD27EE0060CF90 /* ThirdMaximumNumber_414.swift */,
				B5E074871FBD312C0060CF90 /* CanPlaceFlowers_605.swift */,
			);
			path = LeetCode_Swift;
			sourceTree = "<group>";
		};
/* End PBXGroup section */

/* Begin PBXNativeTarget section */
		B5A00CC81F3177E30080BBF8 /* LeetCode_Swift */ = {
			isa = PBXNativeTarget;
			buildConfigurationList = B5A00CD01F3177E30080BBF8 /* Build configuration list for PBXNativeTarget "LeetCode_Swift" */;
			buildPhases = (
				B5A00CC51F3177E30080BBF8 /* Sources */,
				B5A00CC61F3177E30080BBF8 /* Frameworks */,
				B5A00CC71F3177E30080BBF8 /* CopyFiles */,
			);
			buildRules = (
			);
			dependencies = (
			);
			name = LeetCode_Swift;
			productName = LeetCode_Swift;
			productReference = B5A00CC91F3177E30080BBF8 /* LeetCode_Swift */;
			productType = "com.apple.product-type.tool";
		};
/* End PBXNativeTarget section */

/* Begin PBXProject section */
		B5A00CC11F3177E30080BBF8 /* Project object */ = {
			isa = PBXProject;
			attributes = {
				LastSwiftUpdateCheck = 0830;
				LastUpgradeCheck = 0900;
				ORGANIZATIONNAME = KnighhtJoker;
				TargetAttributes = {
					B5A00CC81F3177E30080BBF8 = {
						CreatedOnToolsVersion = 8.3.1;
						LastSwiftMigration = 0900;
						ProvisioningStyle = Automatic;
					};
				};
			};
			buildConfigurationList = B5A00CC41F3177E30080BBF8 /* Build configuration list for PBXProject "LeetCode_Swift" */;
			compatibilityVersion = "Xcode 3.2";
			developmentRegion = English;
			hasScannedForEncodings = 0;
			knownRegions = (
				en,
			);
			mainGroup = B5A00CC01F3177E30080BBF8;
			productRefGroup = B5A00CCA1F3177E30080BBF8 /* Products */;
			projectDirPath = "";
			projectRoot = "";
			targets = (
				B5A00CC81F3177E30080BBF8 /* LeetCode_Swift */,
			);
		};
/* End PBXProject section */

/* Begin PBXSourcesBuildPhase section */
		B5A00CC51F3177E30080BBF8 /* Sources */ = {
			isa = PBXSourcesBuildPhase;
			buildActionMask = 2147483647;
			files = (
				B53EC55E1F9998B3003122AC /* ArrangingCoins_441.swift in Sources */,
				B53EC5461F96F016003122AC /* PalindromeNumber_9.swift in Sources */,
				B5158F0E1F67756800E66F61 /* BestTimeToBuyAndSellStockII_122.swift in Sources */,
				B50BE9661F7B3903002ED20E /* SubtreeOfAnotherTree_572.swift in Sources */,
				B56849731F7DE9D700E98E53 /* MaximumSubarray_53.swift in Sources */,
				B580DFE61FA179A800A1D9A8 /* PathSum_112.swift in Sources */,
				B538FCD71F43EAAC00A1BC5C /* ReverseLinkedList_206.swift in Sources */,
				B538FC961F3D491E00A1BC5C /* ExcelSheetColumnNumber_171.swift in Sources */,
				B5694CFF1F58FBBC00C6832E /* IslandPerimeter_463.swift in Sources */,
				B5E074861FBD27EE0060CF90 /* ThirdMaximumNumber_414.swift in Sources */,
				B580E00D1FA8107500A1D9A8 /* ValidParentheses_20.swift in Sources */,
				B538FCD31F42E35500A1BC5C /* RomanToInteger_13.swift in Sources */,
				B5158F661F73950100E66F61 /* DiameterOfBinaryTree_543.swift in Sources */,
				B53EC5231F94495F003122AC /* SymmetricTree_101.swift in Sources */,
				B5E074811FBBDB660060CF90 /* LongestCommonPrefix_14.swift in Sources */,
				B5A5522A1F4C1E7A0032FE78 /* ClimbingStairs_70.swift in Sources */,
				B5158F7A1F78A3B500E66F61 /* SecondMinimumNodeInABinaryTree_671.swift in Sources */,
				B51B73741F3AAAB40082A8FB /* SumOfLeftLeaves_404.swift in Sources */,
				B580E01E1FA96F0A00A1D9A8 /* WordPattern_290.swift in Sources */,
				B51B73761F3ABF260082A8FB /* LongestPalindrome_409.swift in Sources */,
				B5158F681F73A03000E66F61 /* StudentAttendanceRecordI_551.swift in Sources */,
				B53E504D1FB53F9C00CE361D /* ContainsDuplicateII_219.swift in Sources */,
				B5158EE41F5CFF9200E66F61 /* LongestUncommonSubsequenceI_521.swift in Sources */,
				B50BE95F1F79EEB6002ED20E /* ConvertSortedArrayToBinarySearchTree_108.swift in Sources */,
				B580DFD51FA033D900A1D9A8 /* CountAndSay_38.swift in Sources */,
				B50BE9681F7B45B7002ED20E /* BinaryTreeLevelOrderTraversalII_107.swift in Sources */,
				B5694D081F5CEBA200C6832E /* AverageOfLevelsInBinaryTree_637.swift in Sources */,
				B5A5522E1F4E76EC0032FE78 /* HammingDistance_461.swift in Sources */,
				B53EC56A1F9D8B3F003122AC /* PascalsTriangleII_119.swift in Sources */,
				B5158EF31F60DCFB00E66F61 /* ConvertBSTToGreaterTree_538.swift in Sources */,
				B5158F1F1F6A17D000E66F61 /* ImageSmoother_661.swift in Sources */,
				B5A00CCD1F3177E30080BBF8 /* main.swift in Sources */,
				B5158EEA1F5E48C700E66F61 /* FindAllNumbersDisappearedInAnArray_448.swift in Sources */,
				B538FC9D1F413E3800A1BC5C /* MajorityElement_169.swift in Sources */,
				B538FD1F1F45450700A1BC5C /* ConvertANumberToHexadecimal_405.swift in Sources */,
				B52F93401FB2B1AB00AC4CCC /* RemoveLinkedListElements_203.swift in Sources */,
				B546D8E11F550BC500D045D8 /* JudgeRouteCircle_657.swift in Sources */,
				B546D8E31F55110300D045D8 /* MergeTwoBinaryTrees_617.swift in Sources */,
				B546D8F61F57AE0500D045D8 /* DistributeCandies_575.swift in Sources */,
				B53E50411FB3F5F500CE361D /* RepeatedStringMatch_686.swift in Sources */,
				B52F933B1FB29F3D00AC4CCC /* MergeSortedArray_88.swift in Sources */,
				B5158F4B1F70FEBA00E66F61 /* Base7_504.swift in Sources */,
				B546D8F41F57A65E00D045D8 /* ReverseWordsInAStringIII_557.swift in Sources */,
				B51B73701F3838E10082A8FB /* InvertBinaryTree_226.swift in Sources */,
				B53EC56F1F9ED546003122AC /* NumberOfSegmentsInAString_434.swift in Sources */,
				B538FC911F3BFEC200A1BC5C /* IntersectionOfTwoArrays_349.swift in Sources */,
				B5158EE81F5E406800E66F61 /* MaxConsecutiveOnes_485.swift in Sources */,
				B538FCD01F428F3800A1BC5C /* IntersectionOfTwoArraysII_350.swift in Sources */,
				B53EC5361F959CA4003122AC /* PlusOne_66.swift in Sources */,
				B580E0651FB1828000A1D9A8 /* LengthOfLastWord_58.swift in Sources */,
				B53EC51B1F906147003122AC /* ReverseVowelsOfAString_345.swift in Sources */,
				B5158F491F70B38700E66F61 /* BinaryWatch_401.swift in Sources */,
				B580DFEB1FA191DA00A1D9A8 /* PerfectNumber_507.swift in Sources */,
				B538FC981F3D4F5C00A1BC5C /* ValidAnagram_242.swift in Sources */,
				B56849711F7DE2F400E98E53 /* SearchInsertPosition_35.swift in Sources */,
				B53EC5441F96EE4B003122AC /* BalancedBinaryTree_110.swift in Sources */,
				B5158F121F67876A00E66F61 /* BinaryTreeTilt_563.swift in Sources */,
				B5158F101F6778CF00E66F61 /* TwoSumII_InputArrayIsSorted_167.swift in Sources */,
				B5A00CDE1F31AA210080BBF8 /* AddDigits_258.swift in Sources */,
				B53E50521FB574F400CE361D /* MinimumDepthOfBinaryTree_111.swift in Sources */,
				B546D8E71F56592B00D045D8 /* KeyboardRow_500.swift in Sources */,
				B53EC5281F945A36003122AC /* ValidPerfectSquare_367.swift in Sources */,
				B5A5520E1F4A84E80032FE78 /* RemoveDuplicatesFromSortedList_83.swift in Sources */,
				B568498A1F8C6B5300E98E53 /* HouseRobber_198.swift in Sources */,
				B5158F031F6231DE00E66F61 /* RangeAdditionII_598.swift in Sources */,
				B53EC5681F9D8552003122AC /* FindModeInBinarySearchTree_501.swift in Sources */,
				B5158EF51F60E69300E66F61 /* ConstructTheRectangle_492.swift in Sources */,
				B538FCCE1F428B1500A1BC5C /* ContainsDuplicate_217.swift in Sources */,
				B51B73651F34781F0082A8FB /* FindTheDifference_389.swift in Sources */,
				B5A5522C1F4E69500032FE78 /* MaximumDepthOfBinaryTree_104.swift in Sources */,
				B5158F5D1F7208C400E66F61 /* LongestContinuousIncreasingSubsequence_674.swift in Sources */,
				B580E0381FAAB3D200A1D9A8 /* AddBinary_67.swift in Sources */,
				B5158F141F68C87800E66F61 /* MinimumIndexSumOfTwoLists_599.swift in Sources */,
				B546D8D11F4FBDB200D045D8 /* NumberComplement_476.swift in Sources */,
				B580E0541FB00B9B00A1D9A8 /* ValidPalindromeII_680.swift in Sources */,
				B582C8961FBA844600F4A767 /* ReverseInteger_7.swift in Sources */,
				B53EC5541F98410B003122AC /* RemoveDuplicatesFromSortedArray_26.swift in Sources */,
				B546D8DF1F53B6CB00D045D8 /* SumOfTwoIntegers_371.swift in Sources */,
				B546D8E51F56539F00D045D8 /* ArrayPartitionI_561.swift in Sources */,
				B568497D1F8B0F6400E98E53 /* UglyNumber_263.swift in Sources */,
				B5158F781F789BC200E66F61 /* ReverseStringII_541.swift in Sources */,
				B5158F2E1F6F6A1500E66F61 /* NumberOfBoomerangs_447.swift in Sources */,
				B5158F091F662E2C00E66F61 /* AssignCookies_455.swift in Sources */,
				B5694CFD1F58F4E400C6832E /* ReshapeTheMatrix_566.swift in Sources */,
				B568497B1F8B0B8200E98E53 /* RemoveElement_27.swift in Sources */,
				227914A11F487B590056FE38 /* HappyNumber_202.swift in Sources */,
				B5158EEE1F5F9B6900E66F61 /* ConstructStringFromBinaryTree_606.swift in Sources */,
				B5158F2C1F6F5E7800E66F61 /* MaximumProductOfThreeNumbers_628.swift in Sources */,
				B5158F5B1F72031000E66F61 /* MissingNumber_268.swift in Sources */,
				B538FC8F1F3B2F3A00A1BC5C /* RansomNote_383.swift in Sources */,
				B53EC53A1F959E0B003122AC /* RepeatedSubstringPattern_459.swift in Sources */,
				B546D8D31F4FC07800D045D8 /* NextGreaterElementI_496.swift in Sources */,
				B53EC5081F8F053C003122AC /* TwoSum_1.swift in Sources */,
				B580DFFC1FA6BC0A00A1D9A8 /* FindAllAnagramsInAString_438.swift in Sources */,
				B546D8DD1F53AF1A00D045D8 /* DetectCapital_520.swift in Sources */,
				B5158EEC1F5F8C1D00E66F61 /* TwoSumIV_InputIsABST_653.swift in Sources */,
				B53EC55C1F998DBD003122AC /* MaximumAverageSubarrayI_643.swift in Sources */,
				B53EC5711F9EDB2F003122AC /* FactorialTrailingZeroes_172.swift in Sources */,
				B5E074881FBD312C0060CF90 /* CanPlaceFlowers_605.swift in Sources */,
				B53EC4FE1F8DB08C003122AC /* BinaryTreePaths_257.swift in Sources */,
				B582C8931FB94C5D00F4A767 /* LongestUnivaluePath_687.swift in Sources */,
				B538FC931F3C070300A1BC5C /* SameTree_100.swift in Sources */,
				B51B73721F3958D70082A8FB /* MoveZeroes_283.swift in Sources */,
				B5A00CDC1F319F220080BBF8 /* ReverseString_344.swift in Sources */,
				B50BE9611F79F582002ED20E /* LongestHarmoniousSubsequence_594.swift in Sources */,
				B53EC50A1F8F11ED003122AC /* PascalsTriangle_118.swift in Sources */,
				B582C88F1FB93AED00F4A767 /* PalindromeLinkedList_234.swift in Sources */,
				B568496F1F7D075700E98E53 /* PathSumIII_437.swift in Sources */,
				227A02E21FA4C33100D21791 /* IsomorphicStrings_205.swift in Sources */,
				B538FCD51F43E05200A1BC5C /* FizzBuzz_412.swift in Sources */,
				B538FD1D1F452FB600A1BC5C /* AddStrings_415.swift in Sources */,
				B5158F071F66238800E66F61 /* MinimumAbsoluteDifferenceInBST_530.swift in Sources */,
				B53EC5191F905AD9003122AC /* PowerOfFour_342.swift in Sources */,
				B5A552021F4686A20032FE78 /* PowerOfThree_326.swift in Sources */,
				B580E0511FAFF8FE00A1D9A8 /* LongestWordInDictionary_720.swift in Sources */,
				B5158F211F6A21E800E66F61 /* RelativeRanks_506.swift in Sources */,
				B56849881F8C5BE700E98E53 /* MergeTwoSortedLists_21.swift in Sources */,
				B538FC9F1F41485200A1BC5C /* FirstUniqueCharacterInAString_387.swift in Sources */,
				B53E503F1FB3EFDA00CE361D /* SumOfSquareNumbers_633.swift in Sources */,
				B5158F051F623A9C00E66F61 /* MinimumMovesToEqualArrayElements_453.swift in Sources */,
				B5C1DEC31F7C922800830C6F /* SetMismatch_645.swift in Sources */,
				B5A5520C1F4A7C920032FE78 /* BestTimeToBuyAndSellStock_121.swift in Sources */,
				B5A552001F4682A70032FE78 /* PowerOfTwo_231.swift in Sources */,
			);
			runOnlyForDeploymentPostprocessing = 0;
		};
/* End PBXSourcesBuildPhase section */

/* Begin XCBuildConfiguration section */
		B5A00CCE1F3177E30080BBF8 /* Debug */ = {
			isa = XCBuildConfiguration;
			buildSettings = {
				ALWAYS_SEARCH_USER_PATHS = NO;
				CLANG_ANALYZER_NONNULL = YES;
				CLANG_ANALYZER_NUMBER_OBJECT_CONVERSION = YES_AGGRESSIVE;
				CLANG_CXX_LANGUAGE_STANDARD = "gnu++0x";
				CLANG_CXX_LIBRARY = "libc++";
				CLANG_ENABLE_MODULES = YES;
				CLANG_ENABLE_OBJC_ARC = YES;
				CLANG_WARN_BLOCK_CAPTURE_AUTORELEASING = YES;
				CLANG_WARN_BOOL_CONVERSION = YES;
				CLANG_WARN_COMMA = YES;
				CLANG_WARN_CONSTANT_CONVERSION = YES;
				CLANG_WARN_DIRECT_OBJC_ISA_USAGE = YES_ERROR;
				CLANG_WARN_DOCUMENTATION_COMMENTS = YES;
				CLANG_WARN_EMPTY_BODY = YES;
				CLANG_WARN_ENUM_CONVERSION = YES;
				CLANG_WARN_INFINITE_RECURSION = YES;
				CLANG_WARN_INT_CONVERSION = YES;
				CLANG_WARN_NON_LITERAL_NULL_CONVERSION = YES;
				CLANG_WARN_OBJC_LITERAL_CONVERSION = YES;
				CLANG_WARN_OBJC_ROOT_CLASS = YES_ERROR;
				CLANG_WARN_RANGE_LOOP_ANALYSIS = YES;
				CLANG_WARN_STRICT_PROTOTYPES = YES;
				CLANG_WARN_SUSPICIOUS_MOVE = YES;
				CLANG_WARN_UNREACHABLE_CODE = YES;
				CLANG_WARN__DUPLICATE_METHOD_MATCH = YES;
				CODE_SIGN_IDENTITY = "-";
				COPY_PHASE_STRIP = NO;
				DEBUG_INFORMATION_FORMAT = dwarf;
				ENABLE_STRICT_OBJC_MSGSEND = YES;
				ENABLE_TESTABILITY = YES;
				GCC_C_LANGUAGE_STANDARD = gnu99;
				GCC_DYNAMIC_NO_PIC = NO;
				GCC_NO_COMMON_BLOCKS = YES;
				GCC_OPTIMIZATION_LEVEL = 0;
				GCC_PREPROCESSOR_DEFINITIONS = (
					"DEBUG=1",
					"$(inherited)",
				);
				GCC_WARN_64_TO_32_BIT_CONVERSION = YES;
				GCC_WARN_ABOUT_RETURN_TYPE = YES_ERROR;
				GCC_WARN_UNDECLARED_SELECTOR = YES;
				GCC_WARN_UNINITIALIZED_AUTOS = YES_AGGRESSIVE;
				GCC_WARN_UNUSED_FUNCTION = YES;
				GCC_WARN_UNUSED_VARIABLE = YES;
				MACOSX_DEPLOYMENT_TARGET = 10.12;
				MTL_ENABLE_DEBUG_INFO = YES;
				ONLY_ACTIVE_ARCH = YES;
				SDKROOT = macosx;
				SWIFT_OPTIMIZATION_LEVEL = "-Onone";
			};
			name = Debug;
		};
		B5A00CCF1F3177E30080BBF8 /* Release */ = {
			isa = XCBuildConfiguration;
			buildSettings = {
				ALWAYS_SEARCH_USER_PATHS = NO;
				CLANG_ANALYZER_NONNULL = YES;
				CLANG_ANALYZER_NUMBER_OBJECT_CONVERSION = YES_AGGRESSIVE;
				CLANG_CXX_LANGUAGE_STANDARD = "gnu++0x";
				CLANG_CXX_LIBRARY = "libc++";
				CLANG_ENABLE_MODULES = YES;
				CLANG_ENABLE_OBJC_ARC = YES;
				CLANG_WARN_BLOCK_CAPTURE_AUTORELEASING = YES;
				CLANG_WARN_BOOL_CONVERSION = YES;
				CLANG_WARN_COMMA = YES;
				CLANG_WARN_CONSTANT_CONVERSION = YES;
				CLANG_WARN_DIRECT_OBJC_ISA_USAGE = YES_ERROR;
				CLANG_WARN_DOCUMENTATION_COMMENTS = YES;
				CLANG_WARN_EMPTY_BODY = YES;
				CLANG_WARN_ENUM_CONVERSION = YES;
				CLANG_WARN_INFINITE_RECURSION = YES;
				CLANG_WARN_INT_CONVERSION = YES;
				CLANG_WARN_NON_LITERAL_NULL_CONVERSION = YES;
				CLANG_WARN_OBJC_LITERAL_CONVERSION = YES;
				CLANG_WARN_OBJC_ROOT_CLASS = YES_ERROR;
				CLANG_WARN_RANGE_LOOP_ANALYSIS = YES;
				CLANG_WARN_STRICT_PROTOTYPES = YES;
				CLANG_WARN_SUSPICIOUS_MOVE = YES;
				CLANG_WARN_UNREACHABLE_CODE = YES;
				CLANG_WARN__DUPLICATE_METHOD_MATCH = YES;
				CODE_SIGN_IDENTITY = "-";
				COPY_PHASE_STRIP = NO;
				DEBUG_INFORMATION_FORMAT = "dwarf-with-dsym";
				ENABLE_NS_ASSERTIONS = NO;
				ENABLE_STRICT_OBJC_MSGSEND = YES;
				GCC_C_LANGUAGE_STANDARD = gnu99;
				GCC_NO_COMMON_BLOCKS = YES;
				GCC_WARN_64_TO_32_BIT_CONVERSION = YES;
				GCC_WARN_ABOUT_RETURN_TYPE = YES_ERROR;
				GCC_WARN_UNDECLARED_SELECTOR = YES;
				GCC_WARN_UNINITIALIZED_AUTOS = YES_AGGRESSIVE;
				GCC_WARN_UNUSED_FUNCTION = YES;
				GCC_WARN_UNUSED_VARIABLE = YES;
				MACOSX_DEPLOYMENT_TARGET = 10.12;
				MTL_ENABLE_DEBUG_INFO = NO;
				SDKROOT = macosx;
				SWIFT_OPTIMIZATION_LEVEL = "-Owholemodule";
			};
			name = Release;
		};
		B5A00CD11F3177E30080BBF8 /* Debug */ = {
			isa = XCBuildConfiguration;
			buildSettings = {
				MACOSX_DEPLOYMENT_TARGET = 10.11;
				PRODUCT_NAME = "$(TARGET_NAME)";
				SWIFT_SWIFT3_OBJC_INFERENCE = On;
				SWIFT_VERSION = 4.0;
			};
			name = Debug;
		};
		B5A00CD21F3177E30080BBF8 /* Release */ = {
			isa = XCBuildConfiguration;
			buildSettings = {
				MACOSX_DEPLOYMENT_TARGET = 10.11;
				PRODUCT_NAME = "$(TARGET_NAME)";
				SWIFT_SWIFT3_OBJC_INFERENCE = On;
				SWIFT_VERSION = 4.0;
			};
			name = Release;
		};
/* End XCBuildConfiguration section */

/* Begin XCConfigurationList section */
		B5A00CC41F3177E30080BBF8 /* Build configuration list for PBXProject "LeetCode_Swift" */ = {
			isa = XCConfigurationList;
			buildConfigurations = (
				B5A00CCE1F3177E30080BBF8 /* Debug */,
				B5A00CCF1F3177E30080BBF8 /* Release */,
			);
			defaultConfigurationIsVisible = 0;
			defaultConfigurationName = Release;
		};
		B5A00CD01F3177E30080BBF8 /* Build configuration list for PBXNativeTarget "LeetCode_Swift" */ = {
			isa = XCConfigurationList;
			buildConfigurations = (
				B5A00CD11F3177E30080BBF8 /* Debug */,
				B5A00CD21F3177E30080BBF8 /* Release */,
			);
			defaultConfigurationIsVisible = 0;
			defaultConfigurationName = Release;
		};
/* End XCConfigurationList section */
	};
	rootObject = B5A00CC11F3177E30080BBF8 /* Project object */;
}
