// !$*UTF8*$!
{
	archiveVersion = 1;
	classes = {
	};
	objectVersion = 46;
	objects = {

/* Begin PBXBuildFile section */
		2278E4311D9E5E6900771F08 /* main.c in Sources */ = {isa = PBXBuildFile; fileRef = 2278E4301D9E5E6900771F08 /* main.c */; };
		2278E4421D9E674100771F08 /* ReverseString-344.c in Sources */ = {isa = PBXBuildFile; fileRef = 2278E4411D9E674100771F08 /* ReverseString-344.c */; };
		229DBF231DA2337C004B4FA3 /* NimGame-292.c in Sources */ = {isa = PBXBuildFile; fileRef = 229DBF221DA2337C004B4FA3 /* NimGame-292.c */; };
		229DBF251DA23BC1004B4FA3 /* SingleNumber-136.c in Sources */ = {isa = PBXBuildFile; fileRef = 229DBF241DA23BC1004B4FA3 /* SingleNumber-136.c */; };
		229DBF2A1DA4E3A2004B4FA3 /* SumOfTwoIntegers-371.c in Sources */ = {isa = PBXBuildFile; fileRef = 229DBF291DA4E3A2004B4FA3 /* SumOfTwoIntegers-371.c */; };
/* End PBXBuildFile section */

/* Begin PBXCopyFilesBuildPhase section */
		2278E42B1D9E5E6900771F08 /* CopyFiles */ = {
			isa = PBXCopyFilesBuildPhase;
			buildActionMask = 2147483647;
			dstPath = /usr/share/man/man1/;
			dstSubfolderSpec = 0;
			files = (
			);
			runOnlyForDeploymentPostprocessing = 1;
		};
/* End PBXCopyFilesBuildPhase section */

/* Begin PBXFileReference section */
		2278E42D1D9E5E6900771F08 /* Leetcode-Solutions */ = {isa = PBXFileReference; explicitFileType = "compiled.mach-o.executable"; includeInIndex = 0; path = "Leetcode-Solutions"; sourceTree = BUILT_PRODUCTS_DIR; };
		2278E4301D9E5E6900771F08 /* main.c */ = {isa = PBXFileReference; lastKnownFileType = sourcecode.c.c; path = main.c; sourceTree = "<group>"; };
		2278E4411D9E674100771F08 /* ReverseString-344.c */ = {isa = PBXFileReference; fileEncoding = 4; lastKnownFileType = sourcecode.c.c; path = "ReverseString-344.c"; sourceTree = "<group>"; };
		229DBF221DA2337C004B4FA3 /* NimGame-292.c */ = {isa = PBXFileReference; fileEncoding = 4; lastKnownFileType = sourcecode.c.c; path = "NimGame-292.c"; sourceTree = "<group>"; };
		229DBF241DA23BC1004B4FA3 /* SingleNumber-136.c */ = {isa = PBXFileReference; fileEncoding = 4; lastKnownFileType = sourcecode.c.c; path = "SingleNumber-136.c"; sourceTree = "<group>"; };
		229DBF291DA4E3A2004B4FA3 /* SumOfTwoIntegers-371.c */ = {isa = PBXFileReference; fileEncoding = 4; lastKnownFileType = sourcecode.c.c; path = "SumOfTwoIntegers-371.c"; sourceTree = "<group>"; };
/* End PBXFileReference section */

/* Begin PBXFrameworksBuildPhase section */
		2278E42A1D9E5E6900771F08 /* Frameworks */ = {
			isa = PBXFrameworksBuildPhase;
			buildActionMask = 2147483647;
			files = (
			);
			runOnlyForDeploymentPostprocessing = 0;
		};
/* End PBXFrameworksBuildPhase section */

/* Begin PBXGroup section */
		2278E4241D9E5E6900771F08 = {
			isa = PBXGroup;
			children = (
				2278E42F1D9E5E6900771F08 /* Leetcode-Solutions */,
				2278E42E1D9E5E6900771F08 /* Products */,
			);
			sourceTree = "<group>";
		};
		2278E42E1D9E5E6900771F08 /* Products */ = {
			isa = PBXGroup;
			children = (
				2278E42D1D9E5E6900771F08 /* Leetcode-Solutions */,
			);
			name = Products;
			sourceTree = "<group>";
		};
		2278E42F1D9E5E6900771F08 /* Leetcode-Solutions */ = {
			isa = PBXGroup;
			children = (
				2278E4301D9E5E6900771F08 /* main.c */,
				2278E4411D9E674100771F08 /* ReverseString-344.c */,
				229DBF221DA2337C004B4FA3 /* NimGame-292.c */,
				229DBF241DA23BC1004B4FA3 /* SingleNumber-136.c */,
				229DBF291DA4E3A2004B4FA3 /* SumOfTwoIntegers-371.c */,
			);
			path = "Leetcode-Solutions";
			sourceTree = "<group>";
		};
/* End PBXGroup section */

/* Begin PBXNativeTarget section */
		2278E42C1D9E5E6900771F08 /* Leetcode-Solutions */ = {
			isa = PBXNativeTarget;
			buildConfigurationList = 2278E4341D9E5E6900771F08 /* Build configuration list for PBXNativeTarget "Leetcode-Solutions" */;
			buildPhases = (
				2278E4291D9E5E6900771F08 /* Sources */,
				2278E42A1D9E5E6900771F08 /* Frameworks */,
				2278E42B1D9E5E6900771F08 /* CopyFiles */,
			);
			buildRules = (
			);
			dependencies = (
			);
			name = "Leetcode-Solutions";
			productName = "Leetcode-Solutions";
			productReference = 2278E42D1D9E5E6900771F08 /* Leetcode-Solutions */;
			productType = "com.apple.product-type.tool";
		};
/* End PBXNativeTarget section */

/* Begin PBXProject section */
		2278E4251D9E5E6900771F08 /* Project object */ = {
			isa = PBXProject;
			attributes = {
				LastUpgradeCheck = 0730;
				ORGANIZATIONNAME = KnightJoker;
				TargetAttributes = {
					2278E42C1D9E5E6900771F08 = {
						CreatedOnToolsVersion = 7.3.1;
					};
				};
			};
			buildConfigurationList = 2278E4281D9E5E6900771F08 /* Build configuration list for PBXProject "Leetcode-Solutions" */;
			compatibilityVersion = "Xcode 3.2";
			developmentRegion = English;
			hasScannedForEncodings = 0;
			knownRegions = (
				en,
			);
			mainGroup = 2278E4241D9E5E6900771F08;
			productRefGroup = 2278E42E1D9E5E6900771F08 /* Products */;
			projectDirPath = "";
			projectRoot = "";
			targets = (
				2278E42C1D9E5E6900771F08 /* Leetcode-Solutions */,
			);
		};
/* End PBXProject section */

/* Begin PBXSourcesBuildPhase section */
		2278E4291D9E5E6900771F08 /* Sources */ = {
			isa = PBXSourcesBuildPhase;
			buildActionMask = 2147483647;
			files = (
				2278E4311D9E5E6900771F08 /* main.c in Sources */,
				229DBF2A1DA4E3A2004B4FA3 /* SumOfTwoIntegers-371.c in Sources */,
				229DBF251DA23BC1004B4FA3 /* SingleNumber-136.c in Sources */,
				2278E4421D9E674100771F08 /* ReverseString-344.c in Sources */,
				229DBF231DA2337C004B4FA3 /* NimGame-292.c in Sources */,
			);
			runOnlyForDeploymentPostprocessing = 0;
		};
/* End PBXSourcesBuildPhase section */

/* Begin XCBuildConfiguration section */
		2278E4321D9E5E6900771F08 /* Debug */ = {
			isa = XCBuildConfiguration;
			buildSettings = {
				ALWAYS_SEARCH_USER_PATHS = NO;
				CLANG_ANALYZER_NONNULL = YES;
				CLANG_CXX_LANGUAGE_STANDARD = "gnu++0x";
				CLANG_CXX_LIBRARY = "libc++";
				CLANG_ENABLE_MODULES = YES;
				CLANG_ENABLE_OBJC_ARC = YES;
				CLANG_WARN_BOOL_CONVERSION = YES;
				CLANG_WARN_CONSTANT_CONVERSION = YES;
				CLANG_WARN_DIRECT_OBJC_ISA_USAGE = YES_ERROR;
				CLANG_WARN_EMPTY_BODY = YES;
				CLANG_WARN_ENUM_CONVERSION = YES;
				CLANG_WARN_INT_CONVERSION = YES;
				CLANG_WARN_OBJC_ROOT_CLASS = YES_ERROR;
				CLANG_WARN_UNREACHABLE_CODE = YES;
				CLANG_WARN__DUPLICATE_METHOD_MATCH = YES;
				CODE_SIGN_IDENTITY = "-";
				COPY_PHASE_STRIP = NO;
				DEBUG_INFORMATION_FORMAT = dwarf;
				ENABLE_STRICT_OBJC_MSGSEND = YES;
				ENABLE_TESTABILITY = YES;
				GCC_C_LANGUAGE_STANDARD = gnu99;
				GCC_DYNAMIC_NO_PIC = NO;
				GCC_NO_COMMON_BLOCKS = YES;
				GCC_OPTIMIZATION_LEVEL = 0;
				GCC_PREPROCESSOR_DEFINITIONS = (
					"DEBUG=1",
					"$(inherited)",
				);
				GCC_WARN_64_TO_32_BIT_CONVERSION = YES;
				GCC_WARN_ABOUT_RETURN_TYPE = YES_ERROR;
				GCC_WARN_UNDECLARED_SELECTOR = YES;
				GCC_WARN_UNINITIALIZED_AUTOS = YES_AGGRESSIVE;
				GCC_WARN_UNUSED_FUNCTION = YES;
				GCC_WARN_UNUSED_VARIABLE = YES;
				MACOSX_DEPLOYMENT_TARGET = 10.11;
				MTL_ENABLE_DEBUG_INFO = YES;
				ONLY_ACTIVE_ARCH = YES;
				SDKROOT = macosx;
			};
			name = Debug;
		};
		2278E4331D9E5E6900771F08 /* Release */ = {
			isa = XCBuildConfiguration;
			buildSettings = {
				ALWAYS_SEARCH_USER_PATHS = NO;
				CLANG_ANALYZER_NONNULL = YES;
				CLANG_CXX_LANGUAGE_STANDARD = "gnu++0x";
				CLANG_CXX_LIBRARY = "libc++";
				CLANG_ENABLE_MODULES = YES;
				CLANG_ENABLE_OBJC_ARC = YES;
				CLANG_WARN_BOOL_CONVERSION = YES;
				CLANG_WARN_CONSTANT_CONVERSION = YES;
				CLANG_WARN_DIRECT_OBJC_ISA_USAGE = YES_ERROR;
				CLANG_WARN_EMPTY_BODY = YES;
				CLANG_WARN_ENUM_CONVERSION = YES;
				CLANG_WARN_INT_CONVERSION = YES;
				CLANG_WARN_OBJC_ROOT_CLASS = YES_ERROR;
				CLANG_WARN_UNREACHABLE_CODE = YES;
				CLANG_WARN__DUPLICATE_METHOD_MATCH = YES;
				CODE_SIGN_IDENTITY = "-";
				COPY_PHASE_STRIP = NO;
				DEBUG_INFORMATION_FORMAT = "dwarf-with-dsym";
				ENABLE_NS_ASSERTIONS = NO;
				ENABLE_STRICT_OBJC_MSGSEND = YES;
				GCC_C_LANGUAGE_STANDARD = gnu99;
				GCC_NO_COMMON_BLOCKS = YES;
				GCC_WARN_64_TO_32_BIT_CONVERSION = YES;
				GCC_WARN_ABOUT_RETURN_TYPE = YES_ERROR;
				GCC_WARN_UNDECLARED_SELECTOR = YES;
				GCC_WARN_UNINITIALIZED_AUTOS = YES_AGGRESSIVE;
				GCC_WARN_UNUSED_FUNCTION = YES;
				GCC_WARN_UNUSED_VARIABLE = YES;
				MACOSX_DEPLOYMENT_TARGET = 10.11;
				MTL_ENABLE_DEBUG_INFO = NO;
				SDKROOT = macosx;
			};
			name = Release;
		};
		2278E4351D9E5E6900771F08 /* Debug */ = {
			isa = XCBuildConfiguration;
			buildSettings = {
				PRODUCT_NAME = "$(TARGET_NAME)";
			};
			name = Debug;
		};
		2278E4361D9E5E6900771F08 /* Release */ = {
			isa = XCBuildConfiguration;
			buildSettings = {
				PRODUCT_NAME = "$(TARGET_NAME)";
			};
			name = Release;
		};
/* End XCBuildConfiguration section */

/* Begin XCConfigurationList section */
		2278E4281D9E5E6900771F08 /* Build configuration list for PBXProject "Leetcode-Solutions" */ = {
			isa = XCConfigurationList;
			buildConfigurations = (
				2278E4321D9E5E6900771F08 /* Debug */,
				2278E4331D9E5E6900771F08 /* Release */,
			);
			defaultConfigurationIsVisible = 0;
			defaultConfigurationName = Release;
		};
		2278E4341D9E5E6900771F08 /* Build configuration list for PBXNativeTarget "Leetcode-Solutions" */ = {
			isa = XCConfigurationList;
			buildConfigurations = (
				2278E4351D9E5E6900771F08 /* Debug */,
				2278E4361D9E5E6900771F08 /* Release */,
			);
			defaultConfigurationIsVisible = 0;
			defaultConfigurationName = Release;
		};
/* End XCConfigurationList section */
	};
	rootObject = 2278E4251D9E5E6900771F08 /* Project object */;
}
