// !$*UTF8*$!
{
	archiveVersion = 1;
	classes = {
	};
	objectVersion = 46;
	objects = {

/* Begin PBXBuildFile section */
		227091E41DADC771001AB884 /* RansomNote_383.m in Sources */ = {isa = PBXBuildFile; fileRef = 227091E31DADC771001AB884 /* RansomNote_383.m */; };
		227091E71DADCAF7001AB884 /* DeleteNodeInALinkedList_237.m in Sources */ = {isa = PBXBuildFile; fileRef = 227091E61DADCAF7001AB884 /* DeleteNodeInALinkedList_237.m */; };
		227091EA1DAF2056001AB884 /* IntersectionOfTwoArrays_349.m in Sources */ = {isa = PBXBuildFile; fileRef = 227091E91DAF2056001AB884 /* IntersectionOfTwoArrays_349.m */; };
		227091ED1DAF51D4001AB884 /* SameTree_100.m in Sources */ = {isa = PBXBuildFile; fileRef = 227091EC1DAF51D4001AB884 /* SameTree_100.m */; };
		227091F01DB06FF9001AB884 /* ExcelSheetColumnNumber_171.m in Sources */ = {isa = PBXBuildFile; fileRef = 227091EF1DB06FF9001AB884 /* ExcelSheetColumnNumber_171.m */; };
		227092191DB3CA25001AB884 /* ValidAnagram_242.m in Sources */ = {isa = PBXBuildFile; fileRef = 227092181DB3CA25001AB884 /* ValidAnagram_242.m */; };
		227092321DB5F92E001AB884 /* MajorityElement_169.m in Sources */ = {isa = PBXBuildFile; fileRef = 227092311DB5F92E001AB884 /* MajorityElement_169.m */; };
		227092351DB70715001AB884 /* FirstUniqueCharacterInAString_387.m in Sources */ = {isa = PBXBuildFile; fileRef = 227092341DB70715001AB884 /* FirstUniqueCharacterInAString_387.m */; };
		229DBF3A1DA77E98004B4FA3 /* main.m in Sources */ = {isa = PBXBuildFile; fileRef = 229DBF391DA77E98004B4FA3 /* main.m */; };
		229DBF451DA783CD004B4FA3 /* ReverseString_344.m in Sources */ = {isa = PBXBuildFile; fileRef = 229DBF441DA783CD004B4FA3 /* ReverseString_344.m */; };
		229DBF481DA8FD34004B4FA3 /* AddDigits_258.m in Sources */ = {isa = PBXBuildFile; fileRef = 229DBF471DA8FD34004B4FA3 /* AddDigits_258.m */; };
		229DBF4B1DAA0E23004B4FA3 /* FindDifference_389.m in Sources */ = {isa = PBXBuildFile; fileRef = 229DBF4A1DAA0E23004B4FA3 /* FindDifference_389.m */; };
		229DBF4E1DAA1AFB004B4FA3 /* InvertBinaryTree_226.m in Sources */ = {isa = PBXBuildFile; fileRef = 229DBF4D1DAA1AFB004B4FA3 /* InvertBinaryTree_226.m */; };
		22D719A61DBEECD40058896B /* ContainsDuplicate_217.m in Sources */ = {isa = PBXBuildFile; fileRef = 22D719A51DBEECD40058896B /* ContainsDuplicate_217.m */; };
		22D719A91DBEFB9B0058896B /* IntersectionOfTwoArraysII_350.m in Sources */ = {isa = PBXBuildFile; fileRef = 22D719A81DBEFB9B0058896B /* IntersectionOfTwoArraysII_350.m */; };
		22D796A31DAB314E00ADB02A /* MoveZeroes_283.m in Sources */ = {isa = PBXBuildFile; fileRef = 22D796A21DAB314E00ADB02A /* MoveZeroes_283.m */; };
		22D796A61DAB438500ADB02A /* SumOfLeftLeaves_404.m in Sources */ = {isa = PBXBuildFile; fileRef = 22D796A51DAB438500ADB02A /* SumOfLeftLeaves_404.m */; };
		22D796A91DAC82B000ADB02A /* LongestPalindrome_409.m in Sources */ = {isa = PBXBuildFile; fileRef = 22D796A81DAC82B000ADB02A /* LongestPalindrome_409.m */; };
/* End PBXBuildFile section */

/* Begin PBXCopyFilesBuildPhase section */
		229DBF341DA77E98004B4FA3 /* CopyFiles */ = {
			isa = PBXCopyFilesBuildPhase;
			buildActionMask = 2147483647;
			dstPath = /usr/share/man/man1/;
			dstSubfolderSpec = 0;
			files = (
			);
			runOnlyForDeploymentPostprocessing = 1;
		};
/* End PBXCopyFilesBuildPhase section */

/* Begin PBXFileReference section */
		227091E21DADC771001AB884 /* RansomNote_383.h */ = {isa = PBXFileReference; fileEncoding = 4; lastKnownFileType = sourcecode.c.h; path = RansomNote_383.h; sourceTree = "<group>"; };
		227091E31DADC771001AB884 /* RansomNote_383.m */ = {isa = PBXFileReference; fileEncoding = 4; lastKnownFileType = sourcecode.c.objc; path = RansomNote_383.m; sourceTree = "<group>"; };
		227091E51DADCAF7001AB884 /* DeleteNodeInALinkedList_237.h */ = {isa = PBXFileReference; fileEncoding = 4; lastKnownFileType = sourcecode.c.h; path = DeleteNodeInALinkedList_237.h; sourceTree = "<group>"; };
		227091E61DADCAF7001AB884 /* DeleteNodeInALinkedList_237.m */ = {isa = PBXFileReference; fileEncoding = 4; lastKnownFileType = sourcecode.c.objc; path = DeleteNodeInALinkedList_237.m; sourceTree = "<group>"; };
		227091E81DAF2056001AB884 /* IntersectionOfTwoArrays_349.h */ = {isa = PBXFileReference; fileEncoding = 4; lastKnownFileType = sourcecode.c.h; path = IntersectionOfTwoArrays_349.h; sourceTree = "<group>"; };
		227091E91DAF2056001AB884 /* IntersectionOfTwoArrays_349.m */ = {isa = PBXFileReference; fileEncoding = 4; lastKnownFileType = sourcecode.c.objc; path = IntersectionOfTwoArrays_349.m; sourceTree = "<group>"; };
		227091EB1DAF51D4001AB884 /* SameTree_100.h */ = {isa = PBXFileReference; fileEncoding = 4; lastKnownFileType = sourcecode.c.h; path = SameTree_100.h; sourceTree = "<group>"; };
		227091EC1DAF51D4001AB884 /* SameTree_100.m */ = {isa = PBXFileReference; fileEncoding = 4; lastKnownFileType = sourcecode.c.objc; path = SameTree_100.m; sourceTree = "<group>"; };
		227091EE1DB06FF9001AB884 /* ExcelSheetColumnNumber_171.h */ = {isa = PBXFileReference; fileEncoding = 4; lastKnownFileType = sourcecode.c.h; path = ExcelSheetColumnNumber_171.h; sourceTree = "<group>"; };
		227091EF1DB06FF9001AB884 /* ExcelSheetColumnNumber_171.m */ = {isa = PBXFileReference; fileEncoding = 4; lastKnownFileType = sourcecode.c.objc; path = ExcelSheetColumnNumber_171.m; sourceTree = "<group>"; };
		227092171DB3CA25001AB884 /* ValidAnagram_242.h */ = {isa = PBXFileReference; fileEncoding = 4; lastKnownFileType = sourcecode.c.h; path = ValidAnagram_242.h; sourceTree = "<group>"; };
		227092181DB3CA25001AB884 /* ValidAnagram_242.m */ = {isa = PBXFileReference; fileEncoding = 4; lastKnownFileType = sourcecode.c.objc; path = ValidAnagram_242.m; sourceTree = "<group>"; };
		227092301DB5F92E001AB884 /* MajorityElement_169.h */ = {isa = PBXFileReference; fileEncoding = 4; lastKnownFileType = sourcecode.c.h; path = MajorityElement_169.h; sourceTree = "<group>"; };
		227092311DB5F92E001AB884 /* MajorityElement_169.m */ = {isa = PBXFileReference; fileEncoding = 4; lastKnownFileType = sourcecode.c.objc; path = MajorityElement_169.m; sourceTree = "<group>"; };
		227092331DB70715001AB884 /* FirstUniqueCharacterInAString_387.h */ = {isa = PBXFileReference; fileEncoding = 4; lastKnownFileType = sourcecode.c.h; path = FirstUniqueCharacterInAString_387.h; sourceTree = "<group>"; };
		227092341DB70715001AB884 /* FirstUniqueCharacterInAString_387.m */ = {isa = PBXFileReference; fileEncoding = 4; lastKnownFileType = sourcecode.c.objc; path = FirstUniqueCharacterInAString_387.m; sourceTree = "<group>"; };
		229DBF361DA77E98004B4FA3 /* LeetCode_Solutions */ = {isa = PBXFileReference; explicitFileType = "compiled.mach-o.executable"; includeInIndex = 0; path = LeetCode_Solutions; sourceTree = BUILT_PRODUCTS_DIR; };
		229DBF391DA77E98004B4FA3 /* main.m */ = {isa = PBXFileReference; lastKnownFileType = sourcecode.c.objc; path = main.m; sourceTree = "<group>"; };
		229DBF431DA783CD004B4FA3 /* ReverseString_344.h */ = {isa = PBXFileReference; fileEncoding = 4; lastKnownFileType = sourcecode.c.h; path = ReverseString_344.h; sourceTree = "<group>"; };
		229DBF441DA783CD004B4FA3 /* ReverseString_344.m */ = {isa = PBXFileReference; fileEncoding = 4; lastKnownFileType = sourcecode.c.objc; path = ReverseString_344.m; sourceTree = "<group>"; };
		229DBF461DA8FD34004B4FA3 /* AddDigits_258.h */ = {isa = PBXFileReference; fileEncoding = 4; lastKnownFileType = sourcecode.c.h; path = AddDigits_258.h; sourceTree = "<group>"; };
		229DBF471DA8FD34004B4FA3 /* AddDigits_258.m */ = {isa = PBXFileReference; fileEncoding = 4; lastKnownFileType = sourcecode.c.objc; path = AddDigits_258.m; sourceTree = "<group>"; };
		229DBF491DAA0E23004B4FA3 /* FindDifference_389.h */ = {isa = PBXFileReference; fileEncoding = 4; lastKnownFileType = sourcecode.c.h; path = FindDifference_389.h; sourceTree = "<group>"; };
		229DBF4A1DAA0E23004B4FA3 /* FindDifference_389.m */ = {isa = PBXFileReference; fileEncoding = 4; lastKnownFileType = sourcecode.c.objc; path = FindDifference_389.m; sourceTree = "<group>"; };
		229DBF4C1DAA1AFB004B4FA3 /* InvertBinaryTree_226.h */ = {isa = PBXFileReference; fileEncoding = 4; lastKnownFileType = sourcecode.c.h; path = InvertBinaryTree_226.h; sourceTree = "<group>"; };
		229DBF4D1DAA1AFB004B4FA3 /* InvertBinaryTree_226.m */ = {isa = PBXFileReference; fileEncoding = 4; lastKnownFileType = sourcecode.c.objc; path = InvertBinaryTree_226.m; sourceTree = "<group>"; };
		22D719A41DBEECD40058896B /* ContainsDuplicate_217.h */ = {isa = PBXFileReference; fileEncoding = 4; lastKnownFileType = sourcecode.c.h; path = ContainsDuplicate_217.h; sourceTree = "<group>"; };
		22D719A51DBEECD40058896B /* ContainsDuplicate_217.m */ = {isa = PBXFileReference; fileEncoding = 4; lastKnownFileType = sourcecode.c.objc; path = ContainsDuplicate_217.m; sourceTree = "<group>"; };
		22D719A71DBEFB9B0058896B /* IntersectionOfTwoArraysII_350.h */ = {isa = PBXFileReference; fileEncoding = 4; lastKnownFileType = sourcecode.c.h; path = IntersectionOfTwoArraysII_350.h; sourceTree = "<group>"; };
		22D719A81DBEFB9B0058896B /* IntersectionOfTwoArraysII_350.m */ = {isa = PBXFileReference; fileEncoding = 4; lastKnownFileType = sourcecode.c.objc; path = IntersectionOfTwoArraysII_350.m; sourceTree = "<group>"; };
		22D796A11DAB314E00ADB02A /* MoveZeroes_283.h */ = {isa = PBXFileReference; fileEncoding = 4; lastKnownFileType = sourcecode.c.h; path = MoveZeroes_283.h; sourceTree = "<group>"; };
		22D796A21DAB314E00ADB02A /* MoveZeroes_283.m */ = {isa = PBXFileReference; fileEncoding = 4; lastKnownFileType = sourcecode.c.objc; path = MoveZeroes_283.m; sourceTree = "<group>"; };
		22D796A41DAB438500ADB02A /* SumOfLeftLeaves_404.h */ = {isa = PBXFileReference; fileEncoding = 4; lastKnownFileType = sourcecode.c.h; path = SumOfLeftLeaves_404.h; sourceTree = "<group>"; };
		22D796A51DAB438500ADB02A /* SumOfLeftLeaves_404.m */ = {isa = PBXFileReference; fileEncoding = 4; lastKnownFileType = sourcecode.c.objc; path = SumOfLeftLeaves_404.m; sourceTree = "<group>"; };
		22D796A71DAC82B000ADB02A /* LongestPalindrome_409.h */ = {isa = PBXFileReference; fileEncoding = 4; lastKnownFileType = sourcecode.c.h; path = LongestPalindrome_409.h; sourceTree = "<group>"; };
		22D796A81DAC82B000ADB02A /* LongestPalindrome_409.m */ = {isa = PBXFileReference; fileEncoding = 4; lastKnownFileType = sourcecode.c.objc; path = LongestPalindrome_409.m; sourceTree = "<group>"; };
/* End PBXFileReference section */

/* Begin PBXFrameworksBuildPhase section */
		229DBF331DA77E98004B4FA3 /* Frameworks */ = {
			isa = PBXFrameworksBuildPhase;
			buildActionMask = 2147483647;
			files = (
			);
			runOnlyForDeploymentPostprocessing = 0;
		};
/* End PBXFrameworksBuildPhase section */

/* Begin PBXGroup section */
		229DBF2D1DA77E98004B4FA3 = {
			isa = PBXGroup;
			children = (
				229DBF381DA77E98004B4FA3 /* LeetCode_Solutions */,
				229DBF371DA77E98004B4FA3 /* Products */,
			);
			sourceTree = "<group>";
		};
		229DBF371DA77E98004B4FA3 /* Products */ = {
			isa = PBXGroup;
			children = (
				229DBF361DA77E98004B4FA3 /* LeetCode_Solutions */,
			);
			name = Products;
			sourceTree = "<group>";
		};
		229DBF381DA77E98004B4FA3 /* LeetCode_Solutions */ = {
			isa = PBXGroup;
			children = (
				229DBF391DA77E98004B4FA3 /* main.m */,
				229DBF431DA783CD004B4FA3 /* ReverseString_344.h */,
				229DBF441DA783CD004B4FA3 /* ReverseString_344.m */,
				229DBF461DA8FD34004B4FA3 /* AddDigits_258.h */,
				229DBF471DA8FD34004B4FA3 /* AddDigits_258.m */,
				229DBF491DAA0E23004B4FA3 /* FindDifference_389.h */,
				229DBF4A1DAA0E23004B4FA3 /* FindDifference_389.m */,
				229DBF4C1DAA1AFB004B4FA3 /* InvertBinaryTree_226.h */,
				229DBF4D1DAA1AFB004B4FA3 /* InvertBinaryTree_226.m */,
				22D796A11DAB314E00ADB02A /* MoveZeroes_283.h */,
				22D796A21DAB314E00ADB02A /* MoveZeroes_283.m */,
				22D796A41DAB438500ADB02A /* SumOfLeftLeaves_404.h */,
				22D796A51DAB438500ADB02A /* SumOfLeftLeaves_404.m */,
				22D796A71DAC82B000ADB02A /* LongestPalindrome_409.h */,
				22D796A81DAC82B000ADB02A /* LongestPalindrome_409.m */,
				227091E21DADC771001AB884 /* RansomNote_383.h */,
				227091E31DADC771001AB884 /* RansomNote_383.m */,
				227091E51DADCAF7001AB884 /* DeleteNodeInALinkedList_237.h */,
				227091E61DADCAF7001AB884 /* DeleteNodeInALinkedList_237.m */,
				227091E81DAF2056001AB884 /* IntersectionOfTwoArrays_349.h */,
				227091E91DAF2056001AB884 /* IntersectionOfTwoArrays_349.m */,
				227091EB1DAF51D4001AB884 /* SameTree_100.h */,
				227091EC1DAF51D4001AB884 /* SameTree_100.m */,
				227091EE1DB06FF9001AB884 /* ExcelSheetColumnNumber_171.h */,
				227091EF1DB06FF9001AB884 /* ExcelSheetColumnNumber_171.m */,
				227092171DB3CA25001AB884 /* ValidAnagram_242.h */,
				227092181DB3CA25001AB884 /* ValidAnagram_242.m */,
				227092301DB5F92E001AB884 /* MajorityElement_169.h */,
				227092311DB5F92E001AB884 /* MajorityElement_169.m */,
				227092331DB70715001AB884 /* FirstUniqueCharacterInAString_387.h */,
				227092341DB70715001AB884 /* FirstUniqueCharacterInAString_387.m */,
				22D719A41DBEECD40058896B /* ContainsDuplicate_217.h */,
				22D719A51DBEECD40058896B /* ContainsDuplicate_217.m */,
				22D719A71DBEFB9B0058896B /* IntersectionOfTwoArraysII_350.h */,
				22D719A81DBEFB9B0058896B /* IntersectionOfTwoArraysII_350.m */,
			);
			path = LeetCode_Solutions;
			sourceTree = "<group>";
		};
/* End PBXGroup section */

/* Begin PBXNativeTarget section */
		229DBF351DA77E98004B4FA3 /* LeetCode_Solutions */ = {
			isa = PBXNativeTarget;
			buildConfigurationList = 229DBF3D1DA77E98004B4FA3 /* Build configuration list for PBXNativeTarget "LeetCode_Solutions" */;
			buildPhases = (
				229DBF321DA77E98004B4FA3 /* Sources */,
				229DBF331DA77E98004B4FA3 /* Frameworks */,
				229DBF341DA77E98004B4FA3 /* CopyFiles */,
			);
			buildRules = (
			);
			dependencies = (
			);
			name = LeetCode_Solutions;
			productName = LeetCode_Solutions;
			productReference = 229DBF361DA77E98004B4FA3 /* LeetCode_Solutions */;
			productType = "com.apple.product-type.tool";
		};
/* End PBXNativeTarget section */

/* Begin PBXProject section */
		229DBF2E1DA77E98004B4FA3 /* Project object */ = {
			isa = PBXProject;
			attributes = {
				LastUpgradeCheck = 0730;
				ORGANIZATIONNAME = KnightJoker;
				TargetAttributes = {
					229DBF351DA77E98004B4FA3 = {
						CreatedOnToolsVersion = 7.3.1;
					};
				};
			};
			buildConfigurationList = 229DBF311DA77E98004B4FA3 /* Build configuration list for PBXProject "LeetCode_Solutions" */;
			compatibilityVersion = "Xcode 3.2";
			developmentRegion = English;
			hasScannedForEncodings = 0;
			knownRegions = (
				en,
			);
			mainGroup = 229DBF2D1DA77E98004B4FA3;
			productRefGroup = 229DBF371DA77E98004B4FA3 /* Products */;
			projectDirPath = "";
			projectRoot = "";
			targets = (
				229DBF351DA77E98004B4FA3 /* LeetCode_Solutions */,
			);
		};
/* End PBXProject section */

/* Begin PBXSourcesBuildPhase section */
		229DBF321DA77E98004B4FA3 /* Sources */ = {
			isa = PBXSourcesBuildPhase;
			buildActionMask = 2147483647;
			files = (
				227091EA1DAF2056001AB884 /* IntersectionOfTwoArrays_349.m in Sources */,
				227092191DB3CA25001AB884 /* ValidAnagram_242.m in Sources */,
				229DBF3A1DA77E98004B4FA3 /* main.m in Sources */,
				22D719A91DBEFB9B0058896B /* IntersectionOfTwoArraysII_350.m in Sources */,
				229DBF481DA8FD34004B4FA3 /* AddDigits_258.m in Sources */,
				227091ED1DAF51D4001AB884 /* SameTree_100.m in Sources */,
				229DBF4B1DAA0E23004B4FA3 /* FindDifference_389.m in Sources */,
				227091E71DADCAF7001AB884 /* DeleteNodeInALinkedList_237.m in Sources */,
				229DBF451DA783CD004B4FA3 /* ReverseString_344.m in Sources */,
				22D719A61DBEECD40058896B /* ContainsDuplicate_217.m in Sources */,
				227092321DB5F92E001AB884 /* MajorityElement_169.m in Sources */,
				227091E41DADC771001AB884 /* RansomNote_383.m in Sources */,
				227092351DB70715001AB884 /* FirstUniqueCharacterInAString_387.m in Sources */,
				22D796A61DAB438500ADB02A /* SumOfLeftLeaves_404.m in Sources */,
				22D796A91DAC82B000ADB02A /* LongestPalindrome_409.m in Sources */,
				227091F01DB06FF9001AB884 /* ExcelSheetColumnNumber_171.m in Sources */,
				22D796A31DAB314E00ADB02A /* MoveZeroes_283.m in Sources */,
				229DBF4E1DAA1AFB004B4FA3 /* InvertBinaryTree_226.m in Sources */,
			);
			runOnlyForDeploymentPostprocessing = 0;
		};
/* End PBXSourcesBuildPhase section */

/* Begin XCBuildConfiguration section */
		229DBF3B1DA77E98004B4FA3 /* Debug */ = {
			isa = XCBuildConfiguration;
			buildSettings = {
				ALWAYS_SEARCH_USER_PATHS = NO;
				CLANG_ANALYZER_NONNULL = YES;
				CLANG_CXX_LANGUAGE_STANDARD = "gnu++0x";
				CLANG_CXX_LIBRARY = "libc++";
				CLANG_ENABLE_MODULES = YES;
				CLANG_ENABLE_OBJC_ARC = YES;
				CLANG_WARN_BOOL_CONVERSION = YES;
				CLANG_WARN_CONSTANT_CONVERSION = YES;
				CLANG_WARN_DIRECT_OBJC_ISA_USAGE = YES_ERROR;
				CLANG_WARN_EMPTY_BODY = YES;
				CLANG_WARN_ENUM_CONVERSION = YES;
				CLANG_WARN_INT_CONVERSION = YES;
				CLANG_WARN_OBJC_ROOT_CLASS = YES_ERROR;
				CLANG_WARN_UNREACHABLE_CODE = YES;
				CLANG_WARN__DUPLICATE_METHOD_MATCH = YES;
				CODE_SIGN_IDENTITY = "-";
				COPY_PHASE_STRIP = NO;
				DEBUG_INFORMATION_FORMAT = dwarf;
				ENABLE_STRICT_OBJC_MSGSEND = YES;
				ENABLE_TESTABILITY = YES;
				GCC_C_LANGUAGE_STANDARD = gnu99;
				GCC_DYNAMIC_NO_PIC = NO;
				GCC_NO_COMMON_BLOCKS = YES;
				GCC_OPTIMIZATION_LEVEL = 0;
				GCC_PREPROCESSOR_DEFINITIONS = (
					"DEBUG=1",
					"$(inherited)",
				);
				GCC_WARN_64_TO_32_BIT_CONVERSION = YES;
				GCC_WARN_ABOUT_RETURN_TYPE = YES_ERROR;
				GCC_WARN_UNDECLARED_SELECTOR = YES;
				GCC_WARN_UNINITIALIZED_AUTOS = YES_AGGRESSIVE;
				GCC_WARN_UNUSED_FUNCTION = YES;
				GCC_WARN_UNUSED_VARIABLE = YES;
				MACOSX_DEPLOYMENT_TARGET = 10.11;
				MTL_ENABLE_DEBUG_INFO = YES;
				ONLY_ACTIVE_ARCH = YES;
				SDKROOT = macosx;
			};
			name = Debug;
		};
		229DBF3C1DA77E98004B4FA3 /* Release */ = {
			isa = XCBuildConfiguration;
			buildSettings = {
				ALWAYS_SEARCH_USER_PATHS = NO;
				CLANG_ANALYZER_NONNULL = YES;
				CLANG_CXX_LANGUAGE_STANDARD = "gnu++0x";
				CLANG_CXX_LIBRARY = "libc++";
				CLANG_ENABLE_MODULES = YES;
				CLANG_ENABLE_OBJC_ARC = YES;
				CLANG_WARN_BOOL_CONVERSION = YES;
				CLANG_WARN_CONSTANT_CONVERSION = YES;
				CLANG_WARN_DIRECT_OBJC_ISA_USAGE = YES_ERROR;
				CLANG_WARN_EMPTY_BODY = YES;
				CLANG_WARN_ENUM_CONVERSION = YES;
				CLANG_WARN_INT_CONVERSION = YES;
				CLANG_WARN_OBJC_ROOT_CLASS = YES_ERROR;
				CLANG_WARN_UNREACHABLE_CODE = YES;
				CLANG_WARN__DUPLICATE_METHOD_MATCH = YES;
				CODE_SIGN_IDENTITY = "-";
				COPY_PHASE_STRIP = NO;
				DEBUG_INFORMATION_FORMAT = "dwarf-with-dsym";
				ENABLE_NS_ASSERTIONS = NO;
				ENABLE_STRICT_OBJC_MSGSEND = YES;
				GCC_C_LANGUAGE_STANDARD = gnu99;
				GCC_NO_COMMON_BLOCKS = YES;
				GCC_WARN_64_TO_32_BIT_CONVERSION = YES;
				GCC_WARN_ABOUT_RETURN_TYPE = YES_ERROR;
				GCC_WARN_UNDECLARED_SELECTOR = YES;
				GCC_WARN_UNINITIALIZED_AUTOS = YES_AGGRESSIVE;
				GCC_WARN_UNUSED_FUNCTION = YES;
				GCC_WARN_UNUSED_VARIABLE = YES;
				MACOSX_DEPLOYMENT_TARGET = 10.11;
				MTL_ENABLE_DEBUG_INFO = NO;
				SDKROOT = macosx;
			};
			name = Release;
		};
		229DBF3E1DA77E98004B4FA3 /* Debug */ = {
			isa = XCBuildConfiguration;
			buildSettings = {
				PRODUCT_NAME = "$(TARGET_NAME)";
			};
			name = Debug;
		};
		229DBF3F1DA77E98004B4FA3 /* Release */ = {
			isa = XCBuildConfiguration;
			buildSettings = {
				PRODUCT_NAME = "$(TARGET_NAME)";
			};
			name = Release;
		};
/* End XCBuildConfiguration section */

/* Begin XCConfigurationList section */
		229DBF311DA77E98004B4FA3 /* Build configuration list for PBXProject "LeetCode_Solutions" */ = {
			isa = XCConfigurationList;
			buildConfigurations = (
				229DBF3B1DA77E98004B4FA3 /* Debug */,
				229DBF3C1DA77E98004B4FA3 /* Release */,
			);
			defaultConfigurationIsVisible = 0;
			defaultConfigurationName = Release;
		};
		229DBF3D1DA77E98004B4FA3 /* Build configuration list for PBXNativeTarget "LeetCode_Solutions" */ = {
			isa = XCConfigurationList;
			buildConfigurations = (
				229DBF3E1DA77E98004B4FA3 /* Debug */,
				229DBF3F1DA77E98004B4FA3 /* Release */,
			);
			defaultConfigurationIsVisible = 0;
			defaultConfigurationName = Release;
		};
/* End XCConfigurationList section */
	};
	rootObject = 229DBF2E1DA77E98004B4FA3 /* Project object */;
}
