// !$*UTF8*$!
{
	archiveVersion = 1;
	classes = {
	};
	objectVersion = 46;
	objects = {

/* Begin PBXBuildFile section */
		229DBF3A1DA77E98004B4FA3 /* main.m in Sources */ = {isa = PBXBuildFile; fileRef = 229DBF391DA77E98004B4FA3 /* main.m */; };
		229DBF451DA783CD004B4FA3 /* ReverseString_344.m in Sources */ = {isa = PBXBuildFile; fileRef = 229DBF441DA783CD004B4FA3 /* ReverseString_344.m */; };
		229DBF481DA8FD34004B4FA3 /* AddDigits_258.m in Sources */ = {isa = PBXBuildFile; fileRef = 229DBF471DA8FD34004B4FA3 /* AddDigits_258.m */; };
		229DBF4B1DAA0E23004B4FA3 /* FindDifference_389.m in Sources */ = {isa = PBXBuildFile; fileRef = 229DBF4A1DAA0E23004B4FA3 /* FindDifference_389.m */; };
		229DBF4E1DAA1AFB004B4FA3 /* InvertBinaryTree_226.m in Sources */ = {isa = PBXBuildFile; fileRef = 229DBF4D1DAA1AFB004B4FA3 /* InvertBinaryTree_226.m */; };
		22D796A31DAB314E00ADB02A /* MoveZeroes_283.m in Sources */ = {isa = PBXBuildFile; fileRef = 22D796A21DAB314E00ADB02A /* MoveZeroes_283.m */; };
		22D796A61DAB438500ADB02A /* SumOfLeftLeaves_404.m in Sources */ = {isa = PBXBuildFile; fileRef = 22D796A51DAB438500ADB02A /* SumOfLeftLeaves_404.m */; };
/* End PBXBuildFile section */

/* Begin PBXCopyFilesBuildPhase section */
		229DBF341DA77E98004B4FA3 /* CopyFiles */ = {
			isa = PBXCopyFilesBuildPhase;
			buildActionMask = 2147483647;
			dstPath = /usr/share/man/man1/;
			dstSubfolderSpec = 0;
			files = (
			);
			runOnlyForDeploymentPostprocessing = 1;
		};
/* End PBXCopyFilesBuildPhase section */

/* Begin PBXFileReference section */
		229DBF361DA77E98004B4FA3 /* LeetCode_Solutions */ = {isa = PBXFileReference; explicitFileType = "compiled.mach-o.executable"; includeInIndex = 0; path = LeetCode_Solutions; sourceTree = BUILT_PRODUCTS_DIR; };
		229DBF391DA77E98004B4FA3 /* main.m */ = {isa = PBXFileReference; lastKnownFileType = sourcecode.c.objc; path = main.m; sourceTree = "<group>"; };
		229DBF431DA783CD004B4FA3 /* ReverseString_344.h */ = {isa = PBXFileReference; fileEncoding = 4; lastKnownFileType = sourcecode.c.h; path = ReverseString_344.h; sourceTree = "<group>"; };
		229DBF441DA783CD004B4FA3 /* ReverseString_344.m */ = {isa = PBXFileReference; fileEncoding = 4; lastKnownFileType = sourcecode.c.objc; path = ReverseString_344.m; sourceTree = "<group>"; };
		229DBF461DA8FD34004B4FA3 /* AddDigits_258.h */ = {isa = PBXFileReference; fileEncoding = 4; lastKnownFileType = sourcecode.c.h; path = AddDigits_258.h; sourceTree = "<group>"; };
		229DBF471DA8FD34004B4FA3 /* AddDigits_258.m */ = {isa = PBXFileReference; fileEncoding = 4; lastKnownFileType = sourcecode.c.objc; path = AddDigits_258.m; sourceTree = "<group>"; };
		229DBF491DAA0E23004B4FA3 /* FindDifference_389.h */ = {isa = PBXFileReference; fileEncoding = 4; lastKnownFileType = sourcecode.c.h; path = FindDifference_389.h; sourceTree = "<group>"; };
		229DBF4A1DAA0E23004B4FA3 /* FindDifference_389.m */ = {isa = PBXFileReference; fileEncoding = 4; lastKnownFileType = sourcecode.c.objc; path = FindDifference_389.m; sourceTree = "<group>"; };
		229DBF4C1DAA1AFB004B4FA3 /* InvertBinaryTree_226.h */ = {isa = PBXFileReference; fileEncoding = 4; lastKnownFileType = sourcecode.c.h; path = InvertBinaryTree_226.h; sourceTree = "<group>"; };
		229DBF4D1DAA1AFB004B4FA3 /* InvertBinaryTree_226.m */ = {isa = PBXFileReference; fileEncoding = 4; lastKnownFileType = sourcecode.c.objc; path = InvertBinaryTree_226.m; sourceTree = "<group>"; };
		22D796A11DAB314E00ADB02A /* MoveZeroes_283.h */ = {isa = PBXFileReference; fileEncoding = 4; lastKnownFileType = sourcecode.c.h; path = MoveZeroes_283.h; sourceTree = "<group>"; };
		22D796A21DAB314E00ADB02A /* MoveZeroes_283.m */ = {isa = PBXFileReference; fileEncoding = 4; lastKnownFileType = sourcecode.c.objc; path = MoveZeroes_283.m; sourceTree = "<group>"; };
		22D796A41DAB438500ADB02A /* SumOfLeftLeaves_404.h */ = {isa = PBXFileReference; fileEncoding = 4; lastKnownFileType = sourcecode.c.h; path = SumOfLeftLeaves_404.h; sourceTree = "<group>"; };
		22D796A51DAB438500ADB02A /* SumOfLeftLeaves_404.m */ = {isa = PBXFileReference; fileEncoding = 4; lastKnownFileType = sourcecode.c.objc; path = SumOfLeftLeaves_404.m; sourceTree = "<group>"; };
/* End PBXFileReference section */

/* Begin PBXFrameworksBuildPhase section */
		229DBF331DA77E98004B4FA3 /* Frameworks */ = {
			isa = PBXFrameworksBuildPhase;
			buildActionMask = 2147483647;
			files = (
			);
			runOnlyForDeploymentPostprocessing = 0;
		};
/* End PBXFrameworksBuildPhase section */

/* Begin PBXGroup section */
		229DBF2D1DA77E98004B4FA3 = {
			isa = PBXGroup;
			children = (
				229DBF381DA77E98004B4FA3 /* LeetCode_Solutions */,
				229DBF371DA77E98004B4FA3 /* Products */,
			);
			sourceTree = "<group>";
		};
		229DBF371DA77E98004B4FA3 /* Products */ = {
			isa = PBXGroup;
			children = (
				229DBF361DA77E98004B4FA3 /* LeetCode_Solutions */,
			);
			name = Products;
			sourceTree = "<group>";
		};
		229DBF381DA77E98004B4FA3 /* LeetCode_Solutions */ = {
			isa = PBXGroup;
			children = (
				229DBF391DA77E98004B4FA3 /* main.m */,
				229DBF431DA783CD004B4FA3 /* ReverseString_344.h */,
				229DBF441DA783CD004B4FA3 /* ReverseString_344.m */,
				229DBF461DA8FD34004B4FA3 /* AddDigits_258.h */,
				229DBF471DA8FD34004B4FA3 /* AddDigits_258.m */,
				229DBF491DAA0E23004B4FA3 /* FindDifference_389.h */,
				229DBF4A1DAA0E23004B4FA3 /* FindDifference_389.m */,
				229DBF4C1DAA1AFB004B4FA3 /* InvertBinaryTree_226.h */,
				229DBF4D1DAA1AFB004B4FA3 /* InvertBinaryTree_226.m */,
				22D796A11DAB314E00ADB02A /* MoveZeroes_283.h */,
				22D796A21DAB314E00ADB02A /* MoveZeroes_283.m */,
				22D796A41DAB438500ADB02A /* SumOfLeftLeaves_404.h */,
				22D796A51DAB438500ADB02A /* SumOfLeftLeaves_404.m */,
			);
			path = LeetCode_Solutions;
			sourceTree = "<group>";
		};
/* End PBXGroup section */

/* Begin PBXNativeTarget section */
		229DBF351DA77E98004B4FA3 /* LeetCode_Solutions */ = {
			isa = PBXNativeTarget;
			buildConfigurationList = 229DBF3D1DA77E98004B4FA3 /* Build configuration list for PBXNativeTarget "LeetCode_Solutions" */;
			buildPhases = (
				229DBF321DA77E98004B4FA3 /* Sources */,
				229DBF331DA77E98004B4FA3 /* Frameworks */,
				229DBF341DA77E98004B4FA3 /* CopyFiles */,
			);
			buildRules = (
			);
			dependencies = (
			);
			name = LeetCode_Solutions;
			productName = LeetCode_Solutions;
			productReference = 229DBF361DA77E98004B4FA3 /* LeetCode_Solutions */;
			productType = "com.apple.product-type.tool";
		};
/* End PBXNativeTarget section */

/* Begin PBXProject section */
		229DBF2E1DA77E98004B4FA3 /* Project object */ = {
			isa = PBXProject;
			attributes = {
				LastUpgradeCheck = 0730;
				ORGANIZATIONNAME = KnightJoker;
				TargetAttributes = {
					229DBF351DA77E98004B4FA3 = {
						CreatedOnToolsVersion = 7.3.1;
					};
				};
			};
			buildConfigurationList = 229DBF311DA77E98004B4FA3 /* Build configuration list for PBXProject "LeetCode_Solutions" */;
			compatibilityVersion = "Xcode 3.2";
			developmentRegion = English;
			hasScannedForEncodings = 0;
			knownRegions = (
				en,
			);
			mainGroup = 229DBF2D1DA77E98004B4FA3;
			productRefGroup = 229DBF371DA77E98004B4FA3 /* Products */;
			projectDirPath = "";
			projectRoot = "";
			targets = (
				229DBF351DA77E98004B4FA3 /* LeetCode_Solutions */,
			);
		};
/* End PBXProject section */

/* Begin PBXSourcesBuildPhase section */
		229DBF321DA77E98004B4FA3 /* Sources */ = {
			isa = PBXSourcesBuildPhase;
			buildActionMask = 2147483647;
			files = (
				229DBF3A1DA77E98004B4FA3 /* main.m in Sources */,
				229DBF481DA8FD34004B4FA3 /* AddDigits_258.m in Sources */,
				229DBF4B1DAA0E23004B4FA3 /* FindDifference_389.m in Sources */,
				229DBF451DA783CD004B4FA3 /* ReverseString_344.m in Sources */,
				22D796A61DAB438500ADB02A /* SumOfLeftLeaves_404.m in Sources */,
				22D796A31DAB314E00ADB02A /* MoveZeroes_283.m in Sources */,
				229DBF4E1DAA1AFB004B4FA3 /* InvertBinaryTree_226.m in Sources */,
			);
			runOnlyForDeploymentPostprocessing = 0;
		};
/* End PBXSourcesBuildPhase section */

/* Begin XCBuildConfiguration section */
		229DBF3B1DA77E98004B4FA3 /* Debug */ = {
			isa = XCBuildConfiguration;
			buildSettings = {
				ALWAYS_SEARCH_USER_PATHS = NO;
				CLANG_ANALYZER_NONNULL = YES;
				CLANG_CXX_LANGUAGE_STANDARD = "gnu++0x";
				CLANG_CXX_LIBRARY = "libc++";
				CLANG_ENABLE_MODULES = YES;
				CLANG_ENABLE_OBJC_ARC = YES;
				CLANG_WARN_BOOL_CONVERSION = YES;
				CLANG_WARN_CONSTANT_CONVERSION = YES;
				CLANG_WARN_DIRECT_OBJC_ISA_USAGE = YES_ERROR;
				CLANG_WARN_EMPTY_BODY = YES;
				CLANG_WARN_ENUM_CONVERSION = YES;
				CLANG_WARN_INT_CONVERSION = YES;
				CLANG_WARN_OBJC_ROOT_CLASS = YES_ERROR;
				CLANG_WARN_UNREACHABLE_CODE = YES;
				CLANG_WARN__DUPLICATE_METHOD_MATCH = YES;
				CODE_SIGN_IDENTITY = "-";
				COPY_PHASE_STRIP = NO;
				DEBUG_INFORMATION_FORMAT = dwarf;
				ENABLE_STRICT_OBJC_MSGSEND = YES;
				ENABLE_TESTABILITY = YES;
				GCC_C_LANGUAGE_STANDARD = gnu99;
				GCC_DYNAMIC_NO_PIC = NO;
				GCC_NO_COMMON_BLOCKS = YES;
				GCC_OPTIMIZATION_LEVEL = 0;
				GCC_PREPROCESSOR_DEFINITIONS = (
					"DEBUG=1",
					"$(inherited)",
				);
				GCC_WARN_64_TO_32_BIT_CONVERSION = YES;
				GCC_WARN_ABOUT_RETURN_TYPE = YES_ERROR;
				GCC_WARN_UNDECLARED_SELECTOR = YES;
				GCC_WARN_UNINITIALIZED_AUTOS = YES_AGGRESSIVE;
				GCC_WARN_UNUSED_FUNCTION = YES;
				GCC_WARN_UNUSED_VARIABLE = YES;
				MACOSX_DEPLOYMENT_TARGET = 10.11;
				MTL_ENABLE_DEBUG_INFO = YES;
				ONLY_ACTIVE_ARCH = YES;
				SDKROOT = macosx;
			};
			name = Debug;
		};
		229DBF3C1DA77E98004B4FA3 /* Release */ = {
			isa = XCBuildConfiguration;
			buildSettings = {
				ALWAYS_SEARCH_USER_PATHS = NO;
				CLANG_ANALYZER_NONNULL = YES;
				CLANG_CXX_LANGUAGE_STANDARD = "gnu++0x";
				CLANG_CXX_LIBRARY = "libc++";
				CLANG_ENABLE_MODULES = YES;
				CLANG_ENABLE_OBJC_ARC = YES;
				CLANG_WARN_BOOL_CONVERSION = YES;
				CLANG_WARN_CONSTANT_CONVERSION = YES;
				CLANG_WARN_DIRECT_OBJC_ISA_USAGE = YES_ERROR;
				CLANG_WARN_EMPTY_BODY = YES;
				CLANG_WARN_ENUM_CONVERSION = YES;
				CLANG_WARN_INT_CONVERSION = YES;
				CLANG_WARN_OBJC_ROOT_CLASS = YES_ERROR;
				CLANG_WARN_UNREACHABLE_CODE = YES;
				CLANG_WARN__DUPLICATE_METHOD_MATCH = YES;
				CODE_SIGN_IDENTITY = "-";
				COPY_PHASE_STRIP = NO;
				DEBUG_INFORMATION_FORMAT = "dwarf-with-dsym";
				ENABLE_NS_ASSERTIONS = NO;
				ENABLE_STRICT_OBJC_MSGSEND = YES;
				GCC_C_LANGUAGE_STANDARD = gnu99;
				GCC_NO_COMMON_BLOCKS = YES;
				GCC_WARN_64_TO_32_BIT_CONVERSION = YES;
				GCC_WARN_ABOUT_RETURN_TYPE = YES_ERROR;
				GCC_WARN_UNDECLARED_SELECTOR = YES;
				GCC_WARN_UNINITIALIZED_AUTOS = YES_AGGRESSIVE;
				GCC_WARN_UNUSED_FUNCTION = YES;
				GCC_WARN_UNUSED_VARIABLE = YES;
				MACOSX_DEPLOYMENT_TARGET = 10.11;
				MTL_ENABLE_DEBUG_INFO = NO;
				SDKROOT = macosx;
			};
			name = Release;
		};
		229DBF3E1DA77E98004B4FA3 /* Debug */ = {
			isa = XCBuildConfiguration;
			buildSettings = {
				PRODUCT_NAME = "$(TARGET_NAME)";
			};
			name = Debug;
		};
		229DBF3F1DA77E98004B4FA3 /* Release */ = {
			isa = XCBuildConfiguration;
			buildSettings = {
				PRODUCT_NAME = "$(TARGET_NAME)";
			};
			name = Release;
		};
/* End XCBuildConfiguration section */

/* Begin XCConfigurationList section */
		229DBF311DA77E98004B4FA3 /* Build configuration list for PBXProject "LeetCode_Solutions" */ = {
			isa = XCConfigurationList;
			buildConfigurations = (
				229DBF3B1DA77E98004B4FA3 /* Debug */,
				229DBF3C1DA77E98004B4FA3 /* Release */,
			);
			defaultConfigurationIsVisible = 0;
			defaultConfigurationName = Release;
		};
		229DBF3D1DA77E98004B4FA3 /* Build configuration list for PBXNativeTarget "LeetCode_Solutions" */ = {
			isa = XCConfigurationList;
			buildConfigurations = (
				229DBF3E1DA77E98004B4FA3 /* Debug */,
				229DBF3F1DA77E98004B4FA3 /* Release */,
			);
			defaultConfigurationIsVisible = 0;
			defaultConfigurationName = Release;
		};
/* End XCConfigurationList section */
	};
	rootObject = 229DBF2E1DA77E98004B4FA3 /* Project object */;
}
